
Microsoft Visual Studio Solution File, Format Version 12.00
# Visual Studio Version 16
VisualStudioVersion = 16.0.29709.97
MinimumVisualStudioVersion = 10.0.40219.1
Project("{2150E333-8FDC-42A3-9474-1A3956D46DE8}") = "Ch01-02", "Ch01-02", "{D6F573FB-4AA2-4783-880A-56861C424E02}"
EndProject
Project("{8BC9CEB8-8B4A-11D0-8D11-00A0C91BC942}") = "FirstApp", "FirstApp\FirstApp.vcxproj", "{AAB7D42F-4885-486E-AA5F-EA34FEB64234}"
EndProject
Project("{8BC9CEB8-8B4A-11D0-8D11-00A0C91BC942}") = "TemplateTest", "TemplateTest\TemplateTest.vcxproj", "{0D430B7F-7FE6-443A-939B-6C592BD1AB98}"
EndProject
Project("{8BC9CEB8-8B4A-11D0-8D11-00A0C91BC942}") = "EscapeTest", "EscapeTest\EscapeTest.vcxproj", "{A21383D8-B19D-43DD-AC5A-94E5126FC038}"
EndProject
Project("{2150E333-8FDC-42A3-9474-1A3956D46DE8}") = "Ch03", "Ch03", "{DE78885D-2FBD-4C71-9099-7C997EF76386}"
EndProject
Project("{8BC9CEB8-8B4A-11D0-8D11-00A0C91BC942}") = "VarTest", "VarTest\VarTest.vcxproj", "{25CD8650-8F11-4FC6-95E8-C5EDD82C7C46}"
EndProject
Project("{8BC9CEB8-8B4A-11D0-8D11-00A0C91BC942}") = "StringTest", "StringTest\StringTest.vcxproj", "{C4885BD0-B6F0-4CE2-8B3D-1DE75BEF28CA}"
EndProject
Project("{2150E333-8FDC-42A3-9474-1A3956D46DE8}") = "Ch04", "Ch04", "{4439B1B9-10E2-410F-AD4C-DC02FB93C08A}"
EndProject
Project("{8BC9CEB8-8B4A-11D0-8D11-00A0C91BC942}") = "DivTest", "DivTest\DivTest.vcxproj", "{B3317D71-D49B-47BC-8B79-5DE1920CAC8E}"
EndProject
Project("{8BC9CEB8-8B4A-11D0-8D11-00A0C91BC942}") = "Operator", "Operator\Operator.vcxproj", "{34C434E2-499C-4CEE-88A4-A94C5445F2A1}"
EndProject
Project("{8BC9CEB8-8B4A-11D0-8D11-00A0C91BC942}") = "ROperator", "ROperator\ROperator.vcxproj", "{D2DE542C-321C-44B1-8F41-DFC423E949A4}"
EndProject
Project("{8BC9CEB8-8B4A-11D0-8D11-00A0C91BC942}") = "CastTest", "CastTest\CastTest.vcxproj", "{7F856E24-E918-4E5F-8E6C-47430FDED0D7}"
EndProject
Project("{8BC9CEB8-8B4A-11D0-8D11-00A0C91BC942}") = "SizeTest", "SizeTest\SizeTest.vcxproj", "{C97AD5BA-A119-46ED-B68F-8E9D9E53819E}"
EndProject
Project("{8BC9CEB8-8B4A-11D0-8D11-00A0C91BC942}") = "OpTestApp", "OpTestApp\OpTestApp.vcxproj", "{09CC4A54-DCFA-4449-A456-CBD36F5C5382}"
EndProject
Project("{2150E333-8FDC-42A3-9474-1A3956D46DE8}") = "Ch05-06", "Ch05-06", "{BCF63716-2E6C-4805-AE74-084965633A92}"
EndProject
Project("{8BC9CEB8-8B4A-11D0-8D11-00A0C91BC942}") = "IfTestApp", "IfTestApp\IfTestApp.vcxproj", "{91CD79AC-F3C7-4BA6-B972-001B66A25D2A}"
EndProject
Project("{8BC9CEB8-8B4A-11D0-8D11-00A0C91BC942}") = "SwitchTestApp", "SwitchTestApp\SwitchTestApp.vcxproj", "{3231FB57-AFC3-4598-93D6-B35D98D2CC53}"
EndProject
Project("{8BC9CEB8-8B4A-11D0-8D11-00A0C91BC942}") = "WhileTestApp", "WhileTestApp\WhileTestApp.vcxproj", "{EAACC6F3-655F-4EFA-B2CA-35AE10939CB7}"
EndProject
Project("{8BC9CEB8-8B4A-11D0-8D11-00A0C91BC942}") = "ForTestApp", "ForTestApp\ForTestApp.vcxproj", "{4BE0558B-02BB-43B2-B3B4-4437FA57D308}"
EndProject
Project("{8BC9CEB8-8B4A-11D0-8D11-00A0C91BC942}") = "MultiTableApp", "MultiTableApp\MultiTableApp.vcxproj", "{1744E7EB-A4D7-4E0B-BA9E-862AFD5BE34B}"
EndProject
Project("{2150E333-8FDC-42A3-9474-1A3956D46DE8}") = "Ch07", "Ch07", "{17D7D2C0-F90D-4A8C-B369-8BABA1C08F3C}"
EndProject
Project("{8BC9CEB8-8B4A-11D0-8D11-00A0C91BC942}") = "FuncTestApp", "FuncTestApp\FuncTestApp.vcxproj", "{22DB252F-4C36-4FF6-97AA-E9AF45F6E89F}"
EndProject
Project("{2150E333-8FDC-42A3-9474-1A3956D46DE8}") = "Ch08", "Ch08", "{3895474B-9D0E-4A64-ADCB-EC93FDE3AE98}"
EndProject
Project("{8BC9CEB8-8B4A-11D0-8D11-00A0C91BC942}") = "ArrayTestApp", "ArrayTestApp\ArrayTestApp.vcxproj", "{3D740A59-A5B1-4E3A-8397-E52BE3A1C9CE}"
EndProject
Project("{8BC9CEB8-8B4A-11D0-8D11-00A0C91BC942}") = "StringTestApp", "StringTestApp\StringTestApp.vcxproj", "{2DF8D41F-452B-4EB1-BAA9-A09B193A1655}"
EndProject
Project("{2150E333-8FDC-42A3-9474-1A3956D46DE8}") = "Review", "Review", "{DB5778CC-4F56-4381-924E-B30C3E149FD3}"
EndProject
Project("{8BC9CEB8-8B4A-11D0-8D11-00A0C91BC942}") = "135_2", "135_2\135_2.vcxproj", "{7324A872-1F95-44D2-BC93-49189C73CD94}"
EndProject
Project("{8BC9CEB8-8B4A-11D0-8D11-00A0C91BC942}") = "136_3", "136_3\136_3.vcxproj", "{881847A2-68E1-444B-B8AE-BAAC63D05DB7}"
EndProject
Project("{2150E333-8FDC-42A3-9474-1A3956D46DE8}") = "Ch09", "Ch09", "{F7595FB1-0F0B-496E-A576-FB623D5AE51C}"
EndProject
Project("{8BC9CEB8-8B4A-11D0-8D11-00A0C91BC942}") = "PointerTestApp", "PointerTestApp\PointerTestApp.vcxproj", "{9A6B2A7E-5887-4424-90EE-BE16ED293EE6}"
EndProject
Project("{8BC9CEB8-8B4A-11D0-8D11-00A0C91BC942}") = "SwapTestApp", "SwapTestApp\SwapTestApp.vcxproj", "{497D9278-68E4-4693-ABF9-7DF027FB9654}"
EndProject
Project("{2150E333-8FDC-42A3-9474-1A3956D46DE8}") = "Ch10", "Ch10", "{92B39C9E-ED43-4B4A-A5A6-1A77E8FD9CF9}"
EndProject
Project("{8BC9CEB8-8B4A-11D0-8D11-00A0C91BC942}") = "ArrPtrTestApp", "ArrPtrTestApp\ArrPtrTestApp.vcxproj", "{E6DA16A3-6937-4305-BD90-248FBFD83039}"
EndProject
Project("{8BC9CEB8-8B4A-11D0-8D11-00A0C91BC942}") = "FindMaxApp", "FindMaxApp\FindMaxApp.vcxproj", "{60A37D1B-D740-4653-AC34-29ED96B51EAB}"
EndProject
Project("{2150E333-8FDC-42A3-9474-1A3956D46DE8}") = "Ch11", "Ch11", "{621D4CAA-BCF8-45D9-9E34-0A1985F8D99D}"
EndProject
Project("{8BC9CEB8-8B4A-11D0-8D11-00A0C91BC942}") = "CharTestApp", "CharTestApp\CharTestApp.vcxproj", "{FB1DC685-536C-44AF-9D84-9618365C6D74}"
EndProject
Project("{2150E333-8FDC-42A3-9474-1A3956D46DE8}") = "Ch12", "Ch12", "{10B424A9-2889-4BEF-B51A-F8C8AACDA97C}"
EndProject
Project("{8BC9CEB8-8B4A-11D0-8D11-00A0C91BC942}") = "StrTestApp", "StrTestApp\StrTestApp.vcxproj", "{45F05A91-2319-432F-B4D6-CD723C6E39D9}"
EndProject
Project("{8BC9CEB8-8B4A-11D0-8D11-00A0C91BC942}") = "ClassTest1", "ClassTest1\ClassTest1.vcxproj", "{FEB32D26-B6CC-46F7-B164-F5CF721B989A}"
EndProject
Project("{2150E333-8FDC-42A3-9474-1A3956D46DE8}") = "Ch13", "Ch13", "{AB1BA7E5-3799-4DD6-834C-1CA53424484B}"
EndProject
Project("{8BC9CEB8-8B4A-11D0-8D11-00A0C91BC942}") = "VarTestApp", "VarTestApp\VarTestApp.vcxproj", "{00A4FCF1-C54C-405C-AE4D-B16087177AB1}"
EndProject
Project("{8BC9CEB8-8B4A-11D0-8D11-00A0C91BC942}") = "StaticValTestApp", "StaticValTestApp\StaticValTestApp.vcxproj", "{7A06F22B-5976-4E89-A6A0-B6648C2AB113}"
EndProject
Project("{8BC9CEB8-8B4A-11D0-8D11-00A0C91BC942}") = "PointerValTestApp", "PointerValTestApp\PointerValTestApp.vcxproj", "{2C3814AB-27D4-4B70-8ED7-07604F7D0AA9}"
EndProject
Project("{2150E333-8FDC-42A3-9474-1A3956D46DE8}") = "CH14", "CH14", "{2861DC7E-5D33-43CC-BA86-D6E136703EE8}"
EndProject
Project("{8BC9CEB8-8B4A-11D0-8D11-00A0C91BC942}") = "SArrTestApp", "SArrTestApp\SArrTestApp.vcxproj", "{8E1D2426-BDC6-4E53-8C57-B4BF7DEA7C60}"
EndProject
Project("{8BC9CEB8-8B4A-11D0-8D11-00A0C91BC942}") = "ThirdArrApp", "ThirdArrApp\ThirdArrApp.vcxproj", "{6CCF11D1-35A8-4B09-AE62-E9018365F286}"
EndProject
Project("{8BC9CEB8-8B4A-11D0-8D11-00A0C91BC942}") = "StirngPtrApp", "StirngPtrApp\StirngPtrApp.vcxproj", "{B98F506E-648C-486F-A599-E989FFE3E685}"
EndProject
Project("{2150E333-8FDC-42A3-9474-1A3956D46DE8}") = "Ch15", "Ch15", "{2BDF9C69-46DD-4789-A103-D84F67F0CD2D}"
EndProject
Project("{8BC9CEB8-8B4A-11D0-8D11-00A0C91BC942}") = "DoublePtrApp", "DoublePtrApp\DoublePtrApp.vcxproj", "{B2DD4C04-7057-4A7A-B0F7-E4F7C0157F0C}"
EndProject
Project("{8BC9CEB8-8B4A-11D0-8D11-00A0C91BC942}") = "PtrSwapApp", "PtrSwapapp\PtrSwapapp.vcxproj", "{337AF18B-27F4-4A45-BDB4-77D8327D9D86}"
EndProject
Project("{8BC9CEB8-8B4A-11D0-8D11-00A0C91BC942}") = "FuncPtrApp", "FuncPtrApp\FuncPtrApp.vcxproj", "{1B3921FC-5804-4FE9-89EE-95AD82F1920D}"
EndProject
Project("{8BC9CEB8-8B4A-11D0-8D11-00A0C91BC942}") = "VoidPtrApp", "VoidPtrApp\VoidPtrApp.vcxproj", "{62D6B86F-DFE4-4703-8443-EB154163284D}"
EndProject
Project("{2150E333-8FDC-42A3-9474-1A3956D46DE8}") = "Ch16", "Ch16", "{15333FF5-0ABC-42FD-BCA9-0F81A3DA02DD}"
EndProject
Project("{8BC9CEB8-8B4A-11D0-8D11-00A0C91BC942}") = "DynamicMemApp", "DinamicMemApp\DinamicMemApp.vcxproj", "{FB1081C6-4B35-4433-82B9-5DDDC0A27EAF}"
EndProject
Project("{8BC9CEB8-8B4A-11D0-8D11-00A0C91BC942}") = "DynamicStrApp", "DynamicStrApp\DynamicStrApp.vcxproj", "{F5DCB536-3BDC-4550-A72F-C128744152ED}"
EndProject
Project("{8BC9CEB8-8B4A-11D0-8D11-00A0C91BC942}") = "MainArgApp", "MainArgApp\MainArgApp.vcxproj", "{05B780A6-A8F1-4E58-8C87-58282F1FC183}"
EndProject
Project("{2150E333-8FDC-42A3-9474-1A3956D46DE8}") = "Ch17", "Ch17", "{E8D7BF87-489C-4D30-AAF3-CAEA4440035C}"
EndProject
Project("{8BC9CEB8-8B4A-11D0-8D11-00A0C91BC942}") = "StructTestApp", "StructTestApp\StructTestApp.vcxproj", "{B04DFA64-54C7-4A9D-B05A-E9ECFA900C55}"
EndProject
Project("{8BC9CEB8-8B4A-11D0-8D11-00A0C91BC942}") = "VisionApp", "VisionApp\VisionApp.vcxproj", "{344838C1-30B3-482B-81A0-C7DD46053EBA}"
EndProject
Project("{8BC9CEB8-8B4A-11D0-8D11-00A0C91BC942}") = "StructPtrApp", "StructPtr\StructPtr.vcxproj", "{6BAA078F-07AD-4A1F-A775-7760E97E570C}"
EndProject
Project("{8BC9CEB8-8B4A-11D0-8D11-00A0C91BC942}") = "LinkedListApp", "LinkedListApp\LinkedListApp.vcxproj", "{0D107456-065E-4886-8DBD-BBE4FC2FED66}"
EndProject
Project("{8BC9CEB8-8B4A-11D0-8D11-00A0C91BC942}") = "UnionTestApp", "UnionTestApp\UnionTestApp.vcxproj", "{E313FFE7-109D-4AF2-9047-278C639E21FE}"
EndProject
Project("{2150E333-8FDC-42A3-9474-1A3956D46DE8}") = "Ch18", "Ch18", "{B378EDB1-8208-46B7-B2A6-03C00CAD0679}"
EndProject
Project("{8BC9CEB8-8B4A-11D0-8D11-00A0C91BC942}") = "FileTestApp", "FileTestApp\FileTestApp.vcxproj", "{EE914489-3727-4DE7-868A-A35106CC8CA3}"
EndProject
Project("{8BC9CEB8-8B4A-11D0-8D11-00A0C91BC942}") = "FileCopyApp", "FileCopyApp\FileCopyApp.vcxproj", "{25E447AD-6E38-4DAB-8997-99A41BCCA71C}"
EndProject
Project("{8BC9CEB8-8B4A-11D0-8D11-00A0C91BC942}") = "FileBufErrApp", "FileBufErrApp\FileBufErrApp.vcxproj", "{84AD6D76-308A-4E8E-A252-4FAC47AC935A}"
EndProject
Project("{2150E333-8FDC-42A3-9474-1A3956D46DE8}") = "Ch19", "Ch19", "{455C7883-CFCA-44AB-8AFD-78F3C62749FA}"
EndProject
Project("{8BC9CEB8-8B4A-11D0-8D11-00A0C91BC942}") = "StandardApp", "StandardApp\StandardApp.vcxproj", "{64586E3D-E0ED-4CF0-A3E6-79EBF81DF86A}"
EndProject
Project("{8BC9CEB8-8B4A-11D0-8D11-00A0C91BC942}") = "MacroApp", "MacroApp\MacroApp.vcxproj", "{98747C2B-277D-498A-8920-02F584969E9D}"
EndProject
Project("{8BC9CEB8-8B4A-11D0-8D11-00A0C91BC942}") = "DicSrcApp", "DicSrcApp\DicSrcApp.vcxproj", "{3E99284B-568B-4599-902A-A24E7763F4AD}"
EndProject
Project("{8BC9CEB8-8B4A-11D0-8D11-00A0C91BC942}") = "ExternStaticApp", "ExternStaticApp\ExternStaticApp.vcxproj", "{59FB40DB-3C04-4AF4-AAAC-0EBD791012B5}"
EndProject
Project("{8BC9CEB8-8B4A-11D0-8D11-00A0C91BC942}") = "DupTastApp", "DupTastApp\DupTastApp.vcxproj", "{1F54BB1A-8D20-4270-B7C0-4976BF1E4957}"
EndProject
Global
	GlobalSection(SolutionConfigurationPlatforms) = preSolution
		Debug|x64 = Debug|x64
		Debug|x86 = Debug|x86
		Release|x64 = Release|x64
		Release|x86 = Release|x86
	EndGlobalSection
	GlobalSection(ProjectConfigurationPlatforms) = postSolution
		{AAB7D42F-4885-486E-AA5F-EA34FEB64234}.Debug|x64.ActiveCfg = Debug|x64
		{AAB7D42F-4885-486E-AA5F-EA34FEB64234}.Debug|x64.Build.0 = Debug|x64
		{AAB7D42F-4885-486E-AA5F-EA34FEB64234}.Debug|x86.ActiveCfg = Debug|Win32
		{AAB7D42F-4885-486E-AA5F-EA34FEB64234}.Debug|x86.Build.0 = Debug|Win32
		{AAB7D42F-4885-486E-AA5F-EA34FEB64234}.Release|x64.ActiveCfg = Release|x64
		{AAB7D42F-4885-486E-AA5F-EA34FEB64234}.Release|x64.Build.0 = Release|x64
		{AAB7D42F-4885-486E-AA5F-EA34FEB64234}.Release|x86.ActiveCfg = Release|Win32
		{AAB7D42F-4885-486E-AA5F-EA34FEB64234}.Release|x86.Build.0 = Release|Win32
		{0D430B7F-7FE6-443A-939B-6C592BD1AB98}.Debug|x64.ActiveCfg = Debug|x64
		{0D430B7F-7FE6-443A-939B-6C592BD1AB98}.Debug|x64.Build.0 = Debug|x64
		{0D430B7F-7FE6-443A-939B-6C592BD1AB98}.Debug|x86.ActiveCfg = Debug|Win32
		{0D430B7F-7FE6-443A-939B-6C592BD1AB98}.Debug|x86.Build.0 = Debug|Win32
		{0D430B7F-7FE6-443A-939B-6C592BD1AB98}.Release|x64.ActiveCfg = Release|x64
		{0D430B7F-7FE6-443A-939B-6C592BD1AB98}.Release|x64.Build.0 = Release|x64
		{0D430B7F-7FE6-443A-939B-6C592BD1AB98}.Release|x86.ActiveCfg = Release|Win32
		{0D430B7F-7FE6-443A-939B-6C592BD1AB98}.Release|x86.Build.0 = Release|Win32
		{A21383D8-B19D-43DD-AC5A-94E5126FC038}.Debug|x64.ActiveCfg = Debug|x64
		{A21383D8-B19D-43DD-AC5A-94E5126FC038}.Debug|x64.Build.0 = Debug|x64
		{A21383D8-B19D-43DD-AC5A-94E5126FC038}.Debug|x86.ActiveCfg = Debug|Win32
		{A21383D8-B19D-43DD-AC5A-94E5126FC038}.Debug|x86.Build.0 = Debug|Win32
		{A21383D8-B19D-43DD-AC5A-94E5126FC038}.Release|x64.ActiveCfg = Release|x64
		{A21383D8-B19D-43DD-AC5A-94E5126FC038}.Release|x64.Build.0 = Release|x64
		{A21383D8-B19D-43DD-AC5A-94E5126FC038}.Release|x86.ActiveCfg = Release|Win32
		{A21383D8-B19D-43DD-AC5A-94E5126FC038}.Release|x86.Build.0 = Release|Win32
		{25CD8650-8F11-4FC6-95E8-C5EDD82C7C46}.Debug|x64.ActiveCfg = Debug|x64
		{25CD8650-8F11-4FC6-95E8-C5EDD82C7C46}.Debug|x64.Build.0 = Debug|x64
		{25CD8650-8F11-4FC6-95E8-C5EDD82C7C46}.Debug|x86.ActiveCfg = Debug|Win32
		{25CD8650-8F11-4FC6-95E8-C5EDD82C7C46}.Debug|x86.Build.0 = Debug|Win32
		{25CD8650-8F11-4FC6-95E8-C5EDD82C7C46}.Release|x64.ActiveCfg = Release|x64
		{25CD8650-8F11-4FC6-95E8-C5EDD82C7C46}.Release|x64.Build.0 = Release|x64
		{25CD8650-8F11-4FC6-95E8-C5EDD82C7C46}.Release|x86.ActiveCfg = Release|Win32
		{25CD8650-8F11-4FC6-95E8-C5EDD82C7C46}.Release|x86.Build.0 = Release|Win32
		{C4885BD0-B6F0-4CE2-8B3D-1DE75BEF28CA}.Debug|x64.ActiveCfg = Debug|x64
		{C4885BD0-B6F0-4CE2-8B3D-1DE75BEF28CA}.Debug|x64.Build.0 = Debug|x64
		{C4885BD0-B6F0-4CE2-8B3D-1DE75BEF28CA}.Debug|x86.ActiveCfg = Debug|Win32
		{C4885BD0-B6F0-4CE2-8B3D-1DE75BEF28CA}.Debug|x86.Build.0 = Debug|Win32
		{C4885BD0-B6F0-4CE2-8B3D-1DE75BEF28CA}.Release|x64.ActiveCfg = Release|x64
		{C4885BD0-B6F0-4CE2-8B3D-1DE75BEF28CA}.Release|x64.Build.0 = Release|x64
		{C4885BD0-B6F0-4CE2-8B3D-1DE75BEF28CA}.Release|x86.ActiveCfg = Release|Win32
		{C4885BD0-B6F0-4CE2-8B3D-1DE75BEF28CA}.Release|x86.Build.0 = Release|Win32
		{B3317D71-D49B-47BC-8B79-5DE1920CAC8E}.Debug|x64.ActiveCfg = Debug|x64
		{B3317D71-D49B-47BC-8B79-5DE1920CAC8E}.Debug|x64.Build.0 = Debug|x64
		{B3317D71-D49B-47BC-8B79-5DE1920CAC8E}.Debug|x86.ActiveCfg = Debug|Win32
		{B3317D71-D49B-47BC-8B79-5DE1920CAC8E}.Debug|x86.Build.0 = Debug|Win32
		{B3317D71-D49B-47BC-8B79-5DE1920CAC8E}.Release|x64.ActiveCfg = Release|x64
		{B3317D71-D49B-47BC-8B79-5DE1920CAC8E}.Release|x64.Build.0 = Release|x64
		{B3317D71-D49B-47BC-8B79-5DE1920CAC8E}.Release|x86.ActiveCfg = Release|Win32
		{B3317D71-D49B-47BC-8B79-5DE1920CAC8E}.Release|x86.Build.0 = Release|Win32
		{34C434E2-499C-4CEE-88A4-A94C5445F2A1}.Debug|x64.ActiveCfg = Debug|x64
		{34C434E2-499C-4CEE-88A4-A94C5445F2A1}.Debug|x64.Build.0 = Debug|x64
		{34C434E2-499C-4CEE-88A4-A94C5445F2A1}.Debug|x86.ActiveCfg = Debug|Win32
		{34C434E2-499C-4CEE-88A4-A94C5445F2A1}.Debug|x86.Build.0 = Debug|Win32
		{34C434E2-499C-4CEE-88A4-A94C5445F2A1}.Release|x64.ActiveCfg = Release|x64
		{34C434E2-499C-4CEE-88A4-A94C5445F2A1}.Release|x64.Build.0 = Release|x64
		{34C434E2-499C-4CEE-88A4-A94C5445F2A1}.Release|x86.ActiveCfg = Release|Win32
		{34C434E2-499C-4CEE-88A4-A94C5445F2A1}.Release|x86.Build.0 = Release|Win32
		{D2DE542C-321C-44B1-8F41-DFC423E949A4}.Debug|x64.ActiveCfg = Debug|x64
		{D2DE542C-321C-44B1-8F41-DFC423E949A4}.Debug|x64.Build.0 = Debug|x64
		{D2DE542C-321C-44B1-8F41-DFC423E949A4}.Debug|x86.ActiveCfg = Debug|Win32
		{D2DE542C-321C-44B1-8F41-DFC423E949A4}.Debug|x86.Build.0 = Debug|Win32
		{D2DE542C-321C-44B1-8F41-DFC423E949A4}.Release|x64.ActiveCfg = Release|x64
		{D2DE542C-321C-44B1-8F41-DFC423E949A4}.Release|x64.Build.0 = Release|x64
		{D2DE542C-321C-44B1-8F41-DFC423E949A4}.Release|x86.ActiveCfg = Release|Win32
		{D2DE542C-321C-44B1-8F41-DFC423E949A4}.Release|x86.Build.0 = Release|Win32
		{7F856E24-E918-4E5F-8E6C-47430FDED0D7}.Debug|x64.ActiveCfg = Debug|x64
		{7F856E24-E918-4E5F-8E6C-47430FDED0D7}.Debug|x64.Build.0 = Debug|x64
		{7F856E24-E918-4E5F-8E6C-47430FDED0D7}.Debug|x86.ActiveCfg = Debug|Win32
		{7F856E24-E918-4E5F-8E6C-47430FDED0D7}.Debug|x86.Build.0 = Debug|Win32
		{7F856E24-E918-4E5F-8E6C-47430FDED0D7}.Release|x64.ActiveCfg = Release|x64
		{7F856E24-E918-4E5F-8E6C-47430FDED0D7}.Release|x64.Build.0 = Release|x64
		{7F856E24-E918-4E5F-8E6C-47430FDED0D7}.Release|x86.ActiveCfg = Release|Win32
		{7F856E24-E918-4E5F-8E6C-47430FDED0D7}.Release|x86.Build.0 = Release|Win32
		{C97AD5BA-A119-46ED-B68F-8E9D9E53819E}.Debug|x64.ActiveCfg = Debug|x64
		{C97AD5BA-A119-46ED-B68F-8E9D9E53819E}.Debug|x64.Build.0 = Debug|x64
		{C97AD5BA-A119-46ED-B68F-8E9D9E53819E}.Debug|x86.ActiveCfg = Debug|Win32
		{C97AD5BA-A119-46ED-B68F-8E9D9E53819E}.Debug|x86.Build.0 = Debug|Win32
		{C97AD5BA-A119-46ED-B68F-8E9D9E53819E}.Release|x64.ActiveCfg = Release|x64
		{C97AD5BA-A119-46ED-B68F-8E9D9E53819E}.Release|x64.Build.0 = Release|x64
		{C97AD5BA-A119-46ED-B68F-8E9D9E53819E}.Release|x86.ActiveCfg = Release|Win32
		{C97AD5BA-A119-46ED-B68F-8E9D9E53819E}.Release|x86.Build.0 = Release|Win32
		{09CC4A54-DCFA-4449-A456-CBD36F5C5382}.Debug|x64.ActiveCfg = Debug|x64
		{09CC4A54-DCFA-4449-A456-CBD36F5C5382}.Debug|x64.Build.0 = Debug|x64
		{09CC4A54-DCFA-4449-A456-CBD36F5C5382}.Debug|x86.ActiveCfg = Debug|Win32
		{09CC4A54-DCFA-4449-A456-CBD36F5C5382}.Debug|x86.Build.0 = Debug|Win32
		{09CC4A54-DCFA-4449-A456-CBD36F5C5382}.Release|x64.ActiveCfg = Release|x64
		{09CC4A54-DCFA-4449-A456-CBD36F5C5382}.Release|x64.Build.0 = Release|x64
		{09CC4A54-DCFA-4449-A456-CBD36F5C5382}.Release|x86.ActiveCfg = Release|Win32
		{09CC4A54-DCFA-4449-A456-CBD36F5C5382}.Release|x86.Build.0 = Release|Win32
		{91CD79AC-F3C7-4BA6-B972-001B66A25D2A}.Debug|x64.ActiveCfg = Debug|x64
		{91CD79AC-F3C7-4BA6-B972-001B66A25D2A}.Debug|x64.Build.0 = Debug|x64
		{91CD79AC-F3C7-4BA6-B972-001B66A25D2A}.Debug|x86.ActiveCfg = Debug|Win32
		{91CD79AC-F3C7-4BA6-B972-001B66A25D2A}.Debug|x86.Build.0 = Debug|Win32
		{91CD79AC-F3C7-4BA6-B972-001B66A25D2A}.Release|x64.ActiveCfg = Release|x64
		{91CD79AC-F3C7-4BA6-B972-001B66A25D2A}.Release|x64.Build.0 = Release|x64
		{91CD79AC-F3C7-4BA6-B972-001B66A25D2A}.Release|x86.ActiveCfg = Release|Win32
		{91CD79AC-F3C7-4BA6-B972-001B66A25D2A}.Release|x86.Build.0 = Release|Win32
		{3231FB57-AFC3-4598-93D6-B35D98D2CC53}.Debug|x64.ActiveCfg = Debug|x64
		{3231FB57-AFC3-4598-93D6-B35D98D2CC53}.Debug|x64.Build.0 = Debug|x64
		{3231FB57-AFC3-4598-93D6-B35D98D2CC53}.Debug|x86.ActiveCfg = Debug|Win32
		{3231FB57-AFC3-4598-93D6-B35D98D2CC53}.Debug|x86.Build.0 = Debug|Win32
		{3231FB57-AFC3-4598-93D6-B35D98D2CC53}.Release|x64.ActiveCfg = Release|x64
		{3231FB57-AFC3-4598-93D6-B35D98D2CC53}.Release|x64.Build.0 = Release|x64
		{3231FB57-AFC3-4598-93D6-B35D98D2CC53}.Release|x86.ActiveCfg = Release|Win32
		{3231FB57-AFC3-4598-93D6-B35D98D2CC53}.Release|x86.Build.0 = Release|Win32
		{EAACC6F3-655F-4EFA-B2CA-35AE10939CB7}.Debug|x64.ActiveCfg = Debug|x64
		{EAACC6F3-655F-4EFA-B2CA-35AE10939CB7}.Debug|x64.Build.0 = Debug|x64
		{EAACC6F3-655F-4EFA-B2CA-35AE10939CB7}.Debug|x86.ActiveCfg = Debug|Win32
		{EAACC6F3-655F-4EFA-B2CA-35AE10939CB7}.Debug|x86.Build.0 = Debug|Win32
		{EAACC6F3-655F-4EFA-B2CA-35AE10939CB7}.Release|x64.ActiveCfg = Release|x64
		{EAACC6F3-655F-4EFA-B2CA-35AE10939CB7}.Release|x64.Build.0 = Release|x64
		{EAACC6F3-655F-4EFA-B2CA-35AE10939CB7}.Release|x86.ActiveCfg = Release|Win32
		{EAACC6F3-655F-4EFA-B2CA-35AE10939CB7}.Release|x86.Build.0 = Release|Win32
		{4BE0558B-02BB-43B2-B3B4-4437FA57D308}.Debug|x64.ActiveCfg = Debug|x64
		{4BE0558B-02BB-43B2-B3B4-4437FA57D308}.Debug|x64.Build.0 = Debug|x64
		{4BE0558B-02BB-43B2-B3B4-4437FA57D308}.Debug|x86.ActiveCfg = Debug|Win32
		{4BE0558B-02BB-43B2-B3B4-4437FA57D308}.Debug|x86.Build.0 = Debug|Win32
		{4BE0558B-02BB-43B2-B3B4-4437FA57D308}.Release|x64.ActiveCfg = Release|x64
		{4BE0558B-02BB-43B2-B3B4-4437FA57D308}.Release|x64.Build.0 = Release|x64
		{4BE0558B-02BB-43B2-B3B4-4437FA57D308}.Release|x86.ActiveCfg = Release|Win32
		{4BE0558B-02BB-43B2-B3B4-4437FA57D308}.Release|x86.Build.0 = Release|Win32
		{1744E7EB-A4D7-4E0B-BA9E-862AFD5BE34B}.Debug|x64.ActiveCfg = Debug|x64
		{1744E7EB-A4D7-4E0B-BA9E-862AFD5BE34B}.Debug|x64.Build.0 = Debug|x64
		{1744E7EB-A4D7-4E0B-BA9E-862AFD5BE34B}.Debug|x86.ActiveCfg = Debug|Win32
		{1744E7EB-A4D7-4E0B-BA9E-862AFD5BE34B}.Debug|x86.Build.0 = Debug|Win32
		{1744E7EB-A4D7-4E0B-BA9E-862AFD5BE34B}.Release|x64.ActiveCfg = Release|x64
		{1744E7EB-A4D7-4E0B-BA9E-862AFD5BE34B}.Release|x64.Build.0 = Release|x64
		{1744E7EB-A4D7-4E0B-BA9E-862AFD5BE34B}.Release|x86.ActiveCfg = Release|Win32
		{1744E7EB-A4D7-4E0B-BA9E-862AFD5BE34B}.Release|x86.Build.0 = Release|Win32
		{22DB252F-4C36-4FF6-97AA-E9AF45F6E89F}.Debug|x64.ActiveCfg = Debug|x64
		{22DB252F-4C36-4FF6-97AA-E9AF45F6E89F}.Debug|x64.Build.0 = Debug|x64
		{22DB252F-4C36-4FF6-97AA-E9AF45F6E89F}.Debug|x86.ActiveCfg = Debug|Win32
		{22DB252F-4C36-4FF6-97AA-E9AF45F6E89F}.Debug|x86.Build.0 = Debug|Win32
		{22DB252F-4C36-4FF6-97AA-E9AF45F6E89F}.Release|x64.ActiveCfg = Release|x64
		{22DB252F-4C36-4FF6-97AA-E9AF45F6E89F}.Release|x64.Build.0 = Release|x64
		{22DB252F-4C36-4FF6-97AA-E9AF45F6E89F}.Release|x86.ActiveCfg = Release|Win32
		{22DB252F-4C36-4FF6-97AA-E9AF45F6E89F}.Release|x86.Build.0 = Release|Win32
		{3D740A59-A5B1-4E3A-8397-E52BE3A1C9CE}.Debug|x64.ActiveCfg = Debug|x64
		{3D740A59-A5B1-4E3A-8397-E52BE3A1C9CE}.Debug|x64.Build.0 = Debug|x64
		{3D740A59-A5B1-4E3A-8397-E52BE3A1C9CE}.Debug|x86.ActiveCfg = Debug|Win32
		{3D740A59-A5B1-4E3A-8397-E52BE3A1C9CE}.Debug|x86.Build.0 = Debug|Win32
		{3D740A59-A5B1-4E3A-8397-E52BE3A1C9CE}.Release|x64.ActiveCfg = Release|x64
		{3D740A59-A5B1-4E3A-8397-E52BE3A1C9CE}.Release|x64.Build.0 = Release|x64
		{3D740A59-A5B1-4E3A-8397-E52BE3A1C9CE}.Release|x86.ActiveCfg = Release|Win32
		{3D740A59-A5B1-4E3A-8397-E52BE3A1C9CE}.Release|x86.Build.0 = Release|Win32
		{2DF8D41F-452B-4EB1-BAA9-A09B193A1655}.Debug|x64.ActiveCfg = Debug|x64
		{2DF8D41F-452B-4EB1-BAA9-A09B193A1655}.Debug|x64.Build.0 = Debug|x64
		{2DF8D41F-452B-4EB1-BAA9-A09B193A1655}.Debug|x86.ActiveCfg = Debug|Win32
		{2DF8D41F-452B-4EB1-BAA9-A09B193A1655}.Debug|x86.Build.0 = Debug|Win32
		{2DF8D41F-452B-4EB1-BAA9-A09B193A1655}.Release|x64.ActiveCfg = Release|x64
		{2DF8D41F-452B-4EB1-BAA9-A09B193A1655}.Release|x64.Build.0 = Release|x64
		{2DF8D41F-452B-4EB1-BAA9-A09B193A1655}.Release|x86.ActiveCfg = Release|Win32
		{2DF8D41F-452B-4EB1-BAA9-A09B193A1655}.Release|x86.Build.0 = Release|Win32
		{7324A872-1F95-44D2-BC93-49189C73CD94}.Debug|x64.ActiveCfg = Debug|x64
		{7324A872-1F95-44D2-BC93-49189C73CD94}.Debug|x64.Build.0 = Debug|x64
		{7324A872-1F95-44D2-BC93-49189C73CD94}.Debug|x86.ActiveCfg = Debug|Win32
		{7324A872-1F95-44D2-BC93-49189C73CD94}.Debug|x86.Build.0 = Debug|Win32
		{7324A872-1F95-44D2-BC93-49189C73CD94}.Release|x64.ActiveCfg = Release|x64
		{7324A872-1F95-44D2-BC93-49189C73CD94}.Release|x64.Build.0 = Release|x64
		{7324A872-1F95-44D2-BC93-49189C73CD94}.Release|x86.ActiveCfg = Release|Win32
		{7324A872-1F95-44D2-BC93-49189C73CD94}.Release|x86.Build.0 = Release|Win32
		{881847A2-68E1-444B-B8AE-BAAC63D05DB7}.Debug|x64.ActiveCfg = Debug|x64
		{881847A2-68E1-444B-B8AE-BAAC63D05DB7}.Debug|x64.Build.0 = Debug|x64
		{881847A2-68E1-444B-B8AE-BAAC63D05DB7}.Debug|x86.ActiveCfg = Debug|Win32
		{881847A2-68E1-444B-B8AE-BAAC63D05DB7}.Debug|x86.Build.0 = Debug|Win32
		{881847A2-68E1-444B-B8AE-BAAC63D05DB7}.Release|x64.ActiveCfg = Release|x64
		{881847A2-68E1-444B-B8AE-BAAC63D05DB7}.Release|x64.Build.0 = Release|x64
		{881847A2-68E1-444B-B8AE-BAAC63D05DB7}.Release|x86.ActiveCfg = Release|Win32
		{881847A2-68E1-444B-B8AE-BAAC63D05DB7}.Release|x86.Build.0 = Release|Win32
		{9A6B2A7E-5887-4424-90EE-BE16ED293EE6}.Debug|x64.ActiveCfg = Debug|x64
		{9A6B2A7E-5887-4424-90EE-BE16ED293EE6}.Debug|x64.Build.0 = Debug|x64
		{9A6B2A7E-5887-4424-90EE-BE16ED293EE6}.Debug|x86.ActiveCfg = Debug|Win32
		{9A6B2A7E-5887-4424-90EE-BE16ED293EE6}.Debug|x86.Build.0 = Debug|Win32
		{9A6B2A7E-5887-4424-90EE-BE16ED293EE6}.Release|x64.ActiveCfg = Release|x64
		{9A6B2A7E-5887-4424-90EE-BE16ED293EE6}.Release|x64.Build.0 = Release|x64
		{9A6B2A7E-5887-4424-90EE-BE16ED293EE6}.Release|x86.ActiveCfg = Release|Win32
		{9A6B2A7E-5887-4424-90EE-BE16ED293EE6}.Release|x86.Build.0 = Release|Win32
		{497D9278-68E4-4693-ABF9-7DF027FB9654}.Debug|x64.ActiveCfg = Debug|x64
		{497D9278-68E4-4693-ABF9-7DF027FB9654}.Debug|x64.Build.0 = Debug|x64
		{497D9278-68E4-4693-ABF9-7DF027FB9654}.Debug|x86.ActiveCfg = Debug|Win32
		{497D9278-68E4-4693-ABF9-7DF027FB9654}.Debug|x86.Build.0 = Debug|Win32
		{497D9278-68E4-4693-ABF9-7DF027FB9654}.Release|x64.ActiveCfg = Release|x64
		{497D9278-68E4-4693-ABF9-7DF027FB9654}.Release|x64.Build.0 = Release|x64
		{497D9278-68E4-4693-ABF9-7DF027FB9654}.Release|x86.ActiveCfg = Release|Win32
		{497D9278-68E4-4693-ABF9-7DF027FB9654}.Release|x86.Build.0 = Release|Win32
		{E6DA16A3-6937-4305-BD90-248FBFD83039}.Debug|x64.ActiveCfg = Debug|x64
		{E6DA16A3-6937-4305-BD90-248FBFD83039}.Debug|x64.Build.0 = Debug|x64
		{E6DA16A3-6937-4305-BD90-248FBFD83039}.Debug|x86.ActiveCfg = Debug|Win32
		{E6DA16A3-6937-4305-BD90-248FBFD83039}.Debug|x86.Build.0 = Debug|Win32
		{E6DA16A3-6937-4305-BD90-248FBFD83039}.Release|x64.ActiveCfg = Release|x64
		{E6DA16A3-6937-4305-BD90-248FBFD83039}.Release|x64.Build.0 = Release|x64
		{E6DA16A3-6937-4305-BD90-248FBFD83039}.Release|x86.ActiveCfg = Release|Win32
		{E6DA16A3-6937-4305-BD90-248FBFD83039}.Release|x86.Build.0 = Release|Win32
		{60A37D1B-D740-4653-AC34-29ED96B51EAB}.Debug|x64.ActiveCfg = Debug|x64
		{60A37D1B-D740-4653-AC34-29ED96B51EAB}.Debug|x64.Build.0 = Debug|x64
		{60A37D1B-D740-4653-AC34-29ED96B51EAB}.Debug|x86.ActiveCfg = Debug|Win32
		{60A37D1B-D740-4653-AC34-29ED96B51EAB}.Debug|x86.Build.0 = Debug|Win32
		{60A37D1B-D740-4653-AC34-29ED96B51EAB}.Release|x64.ActiveCfg = Release|x64
		{60A37D1B-D740-4653-AC34-29ED96B51EAB}.Release|x64.Build.0 = Release|x64
		{60A37D1B-D740-4653-AC34-29ED96B51EAB}.Release|x86.ActiveCfg = Release|Win32
		{60A37D1B-D740-4653-AC34-29ED96B51EAB}.Release|x86.Build.0 = Release|Win32
		{FB1DC685-536C-44AF-9D84-9618365C6D74}.Debug|x64.ActiveCfg = Debug|x64
		{FB1DC685-536C-44AF-9D84-9618365C6D74}.Debug|x64.Build.0 = Debug|x64
		{FB1DC685-536C-44AF-9D84-9618365C6D74}.Debug|x86.ActiveCfg = Debug|Win32
		{FB1DC685-536C-44AF-9D84-9618365C6D74}.Debug|x86.Build.0 = Debug|Win32
		{FB1DC685-536C-44AF-9D84-9618365C6D74}.Release|x64.ActiveCfg = Release|x64
		{FB1DC685-536C-44AF-9D84-9618365C6D74}.Release|x64.Build.0 = Release|x64
		{FB1DC685-536C-44AF-9D84-9618365C6D74}.Release|x86.ActiveCfg = Release|Win32
		{FB1DC685-536C-44AF-9D84-9618365C6D74}.Release|x86.Build.0 = Release|Win32
		{45F05A91-2319-432F-B4D6-CD723C6E39D9}.Debug|x64.ActiveCfg = Debug|x64
		{45F05A91-2319-432F-B4D6-CD723C6E39D9}.Debug|x64.Build.0 = Debug|x64
		{45F05A91-2319-432F-B4D6-CD723C6E39D9}.Debug|x86.ActiveCfg = Debug|Win32
		{45F05A91-2319-432F-B4D6-CD723C6E39D9}.Debug|x86.Build.0 = Debug|Win32
		{45F05A91-2319-432F-B4D6-CD723C6E39D9}.Release|x64.ActiveCfg = Release|x64
		{45F05A91-2319-432F-B4D6-CD723C6E39D9}.Release|x64.Build.0 = Release|x64
		{45F05A91-2319-432F-B4D6-CD723C6E39D9}.Release|x86.ActiveCfg = Release|Win32
		{45F05A91-2319-432F-B4D6-CD723C6E39D9}.Release|x86.Build.0 = Release|Win32
		{FEB32D26-B6CC-46F7-B164-F5CF721B989A}.Debug|x64.ActiveCfg = Debug|x64
		{FEB32D26-B6CC-46F7-B164-F5CF721B989A}.Debug|x64.Build.0 = Debug|x64
		{FEB32D26-B6CC-46F7-B164-F5CF721B989A}.Debug|x86.ActiveCfg = Debug|Win32
		{FEB32D26-B6CC-46F7-B164-F5CF721B989A}.Debug|x86.Build.0 = Debug|Win32
		{FEB32D26-B6CC-46F7-B164-F5CF721B989A}.Release|x64.ActiveCfg = Release|x64
		{FEB32D26-B6CC-46F7-B164-F5CF721B989A}.Release|x64.Build.0 = Release|x64
		{FEB32D26-B6CC-46F7-B164-F5CF721B989A}.Release|x86.ActiveCfg = Release|Win32
		{FEB32D26-B6CC-46F7-B164-F5CF721B989A}.Release|x86.Build.0 = Release|Win32
		{00A4FCF1-C54C-405C-AE4D-B16087177AB1}.Debug|x64.ActiveCfg = Debug|x64
		{00A4FCF1-C54C-405C-AE4D-B16087177AB1}.Debug|x64.Build.0 = Debug|x64
		{00A4FCF1-C54C-405C-AE4D-B16087177AB1}.Debug|x86.ActiveCfg = Debug|Win32
		{00A4FCF1-C54C-405C-AE4D-B16087177AB1}.Debug|x86.Build.0 = Debug|Win32
		{00A4FCF1-C54C-405C-AE4D-B16087177AB1}.Release|x64.ActiveCfg = Release|x64
		{00A4FCF1-C54C-405C-AE4D-B16087177AB1}.Release|x64.Build.0 = Release|x64
		{00A4FCF1-C54C-405C-AE4D-B16087177AB1}.Release|x86.ActiveCfg = Release|Win32
		{00A4FCF1-C54C-405C-AE4D-B16087177AB1}.Release|x86.Build.0 = Release|Win32
		{7A06F22B-5976-4E89-A6A0-B6648C2AB113}.Debug|x64.ActiveCfg = Debug|x64
		{7A06F22B-5976-4E89-A6A0-B6648C2AB113}.Debug|x64.Build.0 = Debug|x64
		{7A06F22B-5976-4E89-A6A0-B6648C2AB113}.Debug|x86.ActiveCfg = Debug|Win32
		{7A06F22B-5976-4E89-A6A0-B6648C2AB113}.Debug|x86.Build.0 = Debug|Win32
		{7A06F22B-5976-4E89-A6A0-B6648C2AB113}.Release|x64.ActiveCfg = Release|x64
		{7A06F22B-5976-4E89-A6A0-B6648C2AB113}.Release|x64.Build.0 = Release|x64
		{7A06F22B-5976-4E89-A6A0-B6648C2AB113}.Release|x86.ActiveCfg = Release|Win32
		{7A06F22B-5976-4E89-A6A0-B6648C2AB113}.Release|x86.Build.0 = Release|Win32
		{2C3814AB-27D4-4B70-8ED7-07604F7D0AA9}.Debug|x64.ActiveCfg = Debug|x64
		{2C3814AB-27D4-4B70-8ED7-07604F7D0AA9}.Debug|x64.Build.0 = Debug|x64
		{2C3814AB-27D4-4B70-8ED7-07604F7D0AA9}.Debug|x86.ActiveCfg = Debug|Win32
		{2C3814AB-27D4-4B70-8ED7-07604F7D0AA9}.Debug|x86.Build.0 = Debug|Win32
		{2C3814AB-27D4-4B70-8ED7-07604F7D0AA9}.Release|x64.ActiveCfg = Release|x64
		{2C3814AB-27D4-4B70-8ED7-07604F7D0AA9}.Release|x64.Build.0 = Release|x64
		{2C3814AB-27D4-4B70-8ED7-07604F7D0AA9}.Release|x86.ActiveCfg = Release|Win32
		{2C3814AB-27D4-4B70-8ED7-07604F7D0AA9}.Release|x86.Build.0 = Release|Win32
		{8E1D2426-BDC6-4E53-8C57-B4BF7DEA7C60}.Debug|x64.ActiveCfg = Debug|x64
		{8E1D2426-BDC6-4E53-8C57-B4BF7DEA7C60}.Debug|x64.Build.0 = Debug|x64
		{8E1D2426-BDC6-4E53-8C57-B4BF7DEA7C60}.Debug|x86.ActiveCfg = Debug|Win32
		{8E1D2426-BDC6-4E53-8C57-B4BF7DEA7C60}.Debug|x86.Build.0 = Debug|Win32
		{8E1D2426-BDC6-4E53-8C57-B4BF7DEA7C60}.Release|x64.ActiveCfg = Release|x64
		{8E1D2426-BDC6-4E53-8C57-B4BF7DEA7C60}.Release|x64.Build.0 = Release|x64
		{8E1D2426-BDC6-4E53-8C57-B4BF7DEA7C60}.Release|x86.ActiveCfg = Release|Win32
		{8E1D2426-BDC6-4E53-8C57-B4BF7DEA7C60}.Release|x86.Build.0 = Release|Win32
		{6CCF11D1-35A8-4B09-AE62-E9018365F286}.Debug|x64.ActiveCfg = Debug|x64
		{6CCF11D1-35A8-4B09-AE62-E9018365F286}.Debug|x64.Build.0 = Debug|x64
		{6CCF11D1-35A8-4B09-AE62-E9018365F286}.Debug|x86.ActiveCfg = Debug|Win32
		{6CCF11D1-35A8-4B09-AE62-E9018365F286}.Debug|x86.Build.0 = Debug|Win32
		{6CCF11D1-35A8-4B09-AE62-E9018365F286}.Release|x64.ActiveCfg = Release|x64
		{6CCF11D1-35A8-4B09-AE62-E9018365F286}.Release|x64.Build.0 = Release|x64
		{6CCF11D1-35A8-4B09-AE62-E9018365F286}.Release|x86.ActiveCfg = Release|Win32
		{6CCF11D1-35A8-4B09-AE62-E9018365F286}.Release|x86.Build.0 = Release|Win32
		{B98F506E-648C-486F-A599-E989FFE3E685}.Debug|x64.ActiveCfg = Debug|x64
		{B98F506E-648C-486F-A599-E989FFE3E685}.Debug|x64.Build.0 = Debug|x64
		{B98F506E-648C-486F-A599-E989FFE3E685}.Debug|x86.ActiveCfg = Debug|Win32
		{B98F506E-648C-486F-A599-E989FFE3E685}.Debug|x86.Build.0 = Debug|Win32
		{B98F506E-648C-486F-A599-E989FFE3E685}.Release|x64.ActiveCfg = Release|x64
		{B98F506E-648C-486F-A599-E989FFE3E685}.Release|x64.Build.0 = Release|x64
		{B98F506E-648C-486F-A599-E989FFE3E685}.Release|x86.ActiveCfg = Release|Win32
		{B98F506E-648C-486F-A599-E989FFE3E685}.Release|x86.Build.0 = Release|Win32
		{B2DD4C04-7057-4A7A-B0F7-E4F7C0157F0C}.Debug|x64.ActiveCfg = Debug|x64
		{B2DD4C04-7057-4A7A-B0F7-E4F7C0157F0C}.Debug|x64.Build.0 = Debug|x64
		{B2DD4C04-7057-4A7A-B0F7-E4F7C0157F0C}.Debug|x86.ActiveCfg = Debug|Win32
		{B2DD4C04-7057-4A7A-B0F7-E4F7C0157F0C}.Debug|x86.Build.0 = Debug|Win32
		{B2DD4C04-7057-4A7A-B0F7-E4F7C0157F0C}.Release|x64.ActiveCfg = Release|x64
		{B2DD4C04-7057-4A7A-B0F7-E4F7C0157F0C}.Release|x64.Build.0 = Release|x64
		{B2DD4C04-7057-4A7A-B0F7-E4F7C0157F0C}.Release|x86.ActiveCfg = Release|Win32
		{B2DD4C04-7057-4A7A-B0F7-E4F7C0157F0C}.Release|x86.Build.0 = Release|Win32
		{337AF18B-27F4-4A45-BDB4-77D8327D9D86}.Debug|x64.ActiveCfg = Debug|x64
		{337AF18B-27F4-4A45-BDB4-77D8327D9D86}.Debug|x64.Build.0 = Debug|x64
		{337AF18B-27F4-4A45-BDB4-77D8327D9D86}.Debug|x86.ActiveCfg = Debug|Win32
		{337AF18B-27F4-4A45-BDB4-77D8327D9D86}.Debug|x86.Build.0 = Debug|Win32
		{337AF18B-27F4-4A45-BDB4-77D8327D9D86}.Release|x64.ActiveCfg = Release|x64
		{337AF18B-27F4-4A45-BDB4-77D8327D9D86}.Release|x64.Build.0 = Release|x64
		{337AF18B-27F4-4A45-BDB4-77D8327D9D86}.Release|x86.ActiveCfg = Release|Win32
		{337AF18B-27F4-4A45-BDB4-77D8327D9D86}.Release|x86.Build.0 = Release|Win32
		{1B3921FC-5804-4FE9-89EE-95AD82F1920D}.Debug|x64.ActiveCfg = Debug|x64
		{1B3921FC-5804-4FE9-89EE-95AD82F1920D}.Debug|x64.Build.0 = Debug|x64
		{1B3921FC-5804-4FE9-89EE-95AD82F1920D}.Debug|x86.ActiveCfg = Debug|Win32
		{1B3921FC-5804-4FE9-89EE-95AD82F1920D}.Debug|x86.Build.0 = Debug|Win32
		{1B3921FC-5804-4FE9-89EE-95AD82F1920D}.Release|x64.ActiveCfg = Release|x64
		{1B3921FC-5804-4FE9-89EE-95AD82F1920D}.Release|x64.Build.0 = Release|x64
		{1B3921FC-5804-4FE9-89EE-95AD82F1920D}.Release|x86.ActiveCfg = Release|Win32
		{1B3921FC-5804-4FE9-89EE-95AD82F1920D}.Release|x86.Build.0 = Release|Win32
		{62D6B86F-DFE4-4703-8443-EB154163284D}.Debug|x64.ActiveCfg = Debug|x64
		{62D6B86F-DFE4-4703-8443-EB154163284D}.Debug|x64.Build.0 = Debug|x64
		{62D6B86F-DFE4-4703-8443-EB154163284D}.Debug|x86.ActiveCfg = Debug|Win32
		{62D6B86F-DFE4-4703-8443-EB154163284D}.Debug|x86.Build.0 = Debug|Win32
		{62D6B86F-DFE4-4703-8443-EB154163284D}.Release|x64.ActiveCfg = Release|x64
		{62D6B86F-DFE4-4703-8443-EB154163284D}.Release|x64.Build.0 = Release|x64
		{62D6B86F-DFE4-4703-8443-EB154163284D}.Release|x86.ActiveCfg = Release|Win32
		{62D6B86F-DFE4-4703-8443-EB154163284D}.Release|x86.Build.0 = Release|Win32
		{FB1081C6-4B35-4433-82B9-5DDDC0A27EAF}.Debug|x64.ActiveCfg = Debug|x64
		{FB1081C6-4B35-4433-82B9-5DDDC0A27EAF}.Debug|x64.Build.0 = Debug|x64
		{FB1081C6-4B35-4433-82B9-5DDDC0A27EAF}.Debug|x86.ActiveCfg = Debug|Win32
		{FB1081C6-4B35-4433-82B9-5DDDC0A27EAF}.Debug|x86.Build.0 = Debug|Win32
		{FB1081C6-4B35-4433-82B9-5DDDC0A27EAF}.Release|x64.ActiveCfg = Release|x64
		{FB1081C6-4B35-4433-82B9-5DDDC0A27EAF}.Release|x64.Build.0 = Release|x64
		{FB1081C6-4B35-4433-82B9-5DDDC0A27EAF}.Release|x86.ActiveCfg = Release|Win32
		{FB1081C6-4B35-4433-82B9-5DDDC0A27EAF}.Release|x86.Build.0 = Release|Win32
		{F5DCB536-3BDC-4550-A72F-C128744152ED}.Debug|x64.ActiveCfg = Debug|x64
		{F5DCB536-3BDC-4550-A72F-C128744152ED}.Debug|x64.Build.0 = Debug|x64
		{F5DCB536-3BDC-4550-A72F-C128744152ED}.Debug|x86.ActiveCfg = Debug|Win32
		{F5DCB536-3BDC-4550-A72F-C128744152ED}.Debug|x86.Build.0 = Debug|Win32
		{F5DCB536-3BDC-4550-A72F-C128744152ED}.Release|x64.ActiveCfg = Release|x64
		{F5DCB536-3BDC-4550-A72F-C128744152ED}.Release|x64.Build.0 = Release|x64
		{F5DCB536-3BDC-4550-A72F-C128744152ED}.Release|x86.ActiveCfg = Release|Win32
		{F5DCB536-3BDC-4550-A72F-C128744152ED}.Release|x86.Build.0 = Release|Win32
		{05B780A6-A8F1-4E58-8C87-58282F1FC183}.Debug|x64.ActiveCfg = Debug|x64
		{05B780A6-A8F1-4E58-8C87-58282F1FC183}.Debug|x64.Build.0 = Debug|x64
		{05B780A6-A8F1-4E58-8C87-58282F1FC183}.Debug|x86.ActiveCfg = Debug|Win32
		{05B780A6-A8F1-4E58-8C87-58282F1FC183}.Debug|x86.Build.0 = Debug|Win32
		{05B780A6-A8F1-4E58-8C87-58282F1FC183}.Release|x64.ActiveCfg = Release|x64
		{05B780A6-A8F1-4E58-8C87-58282F1FC183}.Release|x64.Build.0 = Release|x64
		{05B780A6-A8F1-4E58-8C87-58282F1FC183}.Release|x86.ActiveCfg = Release|Win32
		{05B780A6-A8F1-4E58-8C87-58282F1FC183}.Release|x86.Build.0 = Release|Win32
		{B04DFA64-54C7-4A9D-B05A-E9ECFA900C55}.Debug|x64.ActiveCfg = Debug|x64
		{B04DFA64-54C7-4A9D-B05A-E9ECFA900C55}.Debug|x64.Build.0 = Debug|x64
		{B04DFA64-54C7-4A9D-B05A-E9ECFA900C55}.Debug|x86.ActiveCfg = Debug|Win32
		{B04DFA64-54C7-4A9D-B05A-E9ECFA900C55}.Debug|x86.Build.0 = Debug|Win32
		{B04DFA64-54C7-4A9D-B05A-E9ECFA900C55}.Release|x64.ActiveCfg = Release|x64
		{B04DFA64-54C7-4A9D-B05A-E9ECFA900C55}.Release|x64.Build.0 = Release|x64
		{B04DFA64-54C7-4A9D-B05A-E9ECFA900C55}.Release|x86.ActiveCfg = Release|Win32
		{B04DFA64-54C7-4A9D-B05A-E9ECFA900C55}.Release|x86.Build.0 = Release|Win32
		{344838C1-30B3-482B-81A0-C7DD46053EBA}.Debug|x64.ActiveCfg = Debug|x64
		{344838C1-30B3-482B-81A0-C7DD46053EBA}.Debug|x64.Build.0 = Debug|x64
		{344838C1-30B3-482B-81A0-C7DD46053EBA}.Debug|x86.ActiveCfg = Debug|Win32
		{344838C1-30B3-482B-81A0-C7DD46053EBA}.Debug|x86.Build.0 = Debug|Win32
		{344838C1-30B3-482B-81A0-C7DD46053EBA}.Release|x64.ActiveCfg = Release|x64
		{344838C1-30B3-482B-81A0-C7DD46053EBA}.Release|x64.Build.0 = Release|x64
		{344838C1-30B3-482B-81A0-C7DD46053EBA}.Release|x86.ActiveCfg = Release|Win32
		{344838C1-30B3-482B-81A0-C7DD46053EBA}.Release|x86.Build.0 = Release|Win32
		{6BAA078F-07AD-4A1F-A775-7760E97E570C}.Debug|x64.ActiveCfg = Debug|x64
		{6BAA078F-07AD-4A1F-A775-7760E97E570C}.Debug|x64.Build.0 = Debug|x64
		{6BAA078F-07AD-4A1F-A775-7760E97E570C}.Debug|x86.ActiveCfg = Debug|Win32
		{6BAA078F-07AD-4A1F-A775-7760E97E570C}.Debug|x86.Build.0 = Debug|Win32
		{6BAA078F-07AD-4A1F-A775-7760E97E570C}.Release|x64.ActiveCfg = Release|x64
		{6BAA078F-07AD-4A1F-A775-7760E97E570C}.Release|x64.Build.0 = Release|x64
		{6BAA078F-07AD-4A1F-A775-7760E97E570C}.Release|x86.ActiveCfg = Release|Win32
		{6BAA078F-07AD-4A1F-A775-7760E97E570C}.Release|x86.Build.0 = Release|Win32
		{0D107456-065E-4886-8DBD-BBE4FC2FED66}.Debug|x64.ActiveCfg = Debug|x64
		{0D107456-065E-4886-8DBD-BBE4FC2FED66}.Debug|x64.Build.0 = Debug|x64
		{0D107456-065E-4886-8DBD-BBE4FC2FED66}.Debug|x86.ActiveCfg = Debug|Win32
		{0D107456-065E-4886-8DBD-BBE4FC2FED66}.Debug|x86.Build.0 = Debug|Win32
		{0D107456-065E-4886-8DBD-BBE4FC2FED66}.Release|x64.ActiveCfg = Release|x64
		{0D107456-065E-4886-8DBD-BBE4FC2FED66}.Release|x64.Build.0 = Release|x64
		{0D107456-065E-4886-8DBD-BBE4FC2FED66}.Release|x86.ActiveCfg = Release|Win32
		{0D107456-065E-4886-8DBD-BBE4FC2FED66}.Release|x86.Build.0 = Release|Win32
		{E313FFE7-109D-4AF2-9047-278C639E21FE}.Debug|x64.ActiveCfg = Debug|x64
		{E313FFE7-109D-4AF2-9047-278C639E21FE}.Debug|x64.Build.0 = Debug|x64
		{E313FFE7-109D-4AF2-9047-278C639E21FE}.Debug|x86.ActiveCfg = Debug|Win32
		{E313FFE7-109D-4AF2-9047-278C639E21FE}.Debug|x86.Build.0 = Debug|Win32
		{E313FFE7-109D-4AF2-9047-278C639E21FE}.Release|x64.ActiveCfg = Release|x64
		{E313FFE7-109D-4AF2-9047-278C639E21FE}.Release|x64.Build.0 = Release|x64
		{E313FFE7-109D-4AF2-9047-278C639E21FE}.Release|x86.ActiveCfg = Release|Win32
		{E313FFE7-109D-4AF2-9047-278C639E21FE}.Release|x86.Build.0 = Release|Win32
		{EE914489-3727-4DE7-868A-A35106CC8CA3}.Debug|x64.ActiveCfg = Debug|x64
		{EE914489-3727-4DE7-868A-A35106CC8CA3}.Debug|x64.Build.0 = Debug|x64
		{EE914489-3727-4DE7-868A-A35106CC8CA3}.Debug|x86.ActiveCfg = Debug|Win32
		{EE914489-3727-4DE7-868A-A35106CC8CA3}.Debug|x86.Build.0 = Debug|Win32
		{EE914489-3727-4DE7-868A-A35106CC8CA3}.Release|x64.ActiveCfg = Release|x64
		{EE914489-3727-4DE7-868A-A35106CC8CA3}.Release|x64.Build.0 = Release|x64
		{EE914489-3727-4DE7-868A-A35106CC8CA3}.Release|x86.ActiveCfg = Release|Win32
		{EE914489-3727-4DE7-868A-A35106CC8CA3}.Release|x86.Build.0 = Release|Win32
		{25E447AD-6E38-4DAB-8997-99A41BCCA71C}.Debug|x64.ActiveCfg = Debug|x64
		{25E447AD-6E38-4DAB-8997-99A41BCCA71C}.Debug|x64.Build.0 = Debug|x64
		{25E447AD-6E38-4DAB-8997-99A41BCCA71C}.Debug|x86.ActiveCfg = Debug|Win32
		{25E447AD-6E38-4DAB-8997-99A41BCCA71C}.Debug|x86.Build.0 = Debug|Win32
		{25E447AD-6E38-4DAB-8997-99A41BCCA71C}.Release|x64.ActiveCfg = Release|x64
		{25E447AD-6E38-4DAB-8997-99A41BCCA71C}.Release|x64.Build.0 = Release|x64
		{25E447AD-6E38-4DAB-8997-99A41BCCA71C}.Release|x86.ActiveCfg = Release|Win32
		{25E447AD-6E38-4DAB-8997-99A41BCCA71C}.Release|x86.Build.0 = Release|Win32
		{84AD6D76-308A-4E8E-A252-4FAC47AC935A}.Debug|x64.ActiveCfg = Debug|x64
		{84AD6D76-308A-4E8E-A252-4FAC47AC935A}.Debug|x64.Build.0 = Debug|x64
		{84AD6D76-308A-4E8E-A252-4FAC47AC935A}.Debug|x86.ActiveCfg = Debug|Win32
		{84AD6D76-308A-4E8E-A252-4FAC47AC935A}.Debug|x86.Build.0 = Debug|Win32
		{84AD6D76-308A-4E8E-A252-4FAC47AC935A}.Release|x64.ActiveCfg = Release|x64
		{84AD6D76-308A-4E8E-A252-4FAC47AC935A}.Release|x64.Build.0 = Release|x64
		{84AD6D76-308A-4E8E-A252-4FAC47AC935A}.Release|x86.ActiveCfg = Release|Win32
		{84AD6D76-308A-4E8E-A252-4FAC47AC935A}.Release|x86.Build.0 = Release|Win32
		{64586E3D-E0ED-4CF0-A3E6-79EBF81DF86A}.Debug|x64.ActiveCfg = Debug|x64
		{64586E3D-E0ED-4CF0-A3E6-79EBF81DF86A}.Debug|x64.Build.0 = Debug|x64
		{64586E3D-E0ED-4CF0-A3E6-79EBF81DF86A}.Debug|x86.ActiveCfg = Debug|Win32
		{64586E3D-E0ED-4CF0-A3E6-79EBF81DF86A}.Debug|x86.Build.0 = Debug|Win32
		{64586E3D-E0ED-4CF0-A3E6-79EBF81DF86A}.Release|x64.ActiveCfg = Release|x64
		{64586E3D-E0ED-4CF0-A3E6-79EBF81DF86A}.Release|x64.Build.0 = Release|x64
		{64586E3D-E0ED-4CF0-A3E6-79EBF81DF86A}.Release|x86.ActiveCfg = Release|Win32
		{64586E3D-E0ED-4CF0-A3E6-79EBF81DF86A}.Release|x86.Build.0 = Release|Win32
		{98747C2B-277D-498A-8920-02F584969E9D}.Debug|x64.ActiveCfg = Debug|x64
		{98747C2B-277D-498A-8920-02F584969E9D}.Debug|x64.Build.0 = Debug|x64
		{98747C2B-277D-498A-8920-02F584969E9D}.Debug|x86.ActiveCfg = Debug|Win32
		{98747C2B-277D-498A-8920-02F584969E9D}.Debug|x86.Build.0 = Debug|Win32
		{98747C2B-277D-498A-8920-02F584969E9D}.Release|x64.ActiveCfg = Release|x64
		{98747C2B-277D-498A-8920-02F584969E9D}.Release|x64.Build.0 = Release|x64
		{98747C2B-277D-498A-8920-02F584969E9D}.Release|x86.ActiveCfg = Release|Win32
		{98747C2B-277D-498A-8920-02F584969E9D}.Release|x86.Build.0 = Release|Win32
		{3E99284B-568B-4599-902A-A24E7763F4AD}.Debug|x64.ActiveCfg = Debug|x64
		{3E99284B-568B-4599-902A-A24E7763F4AD}.Debug|x64.Build.0 = Debug|x64
		{3E99284B-568B-4599-902A-A24E7763F4AD}.Debug|x86.ActiveCfg = Debug|Win32
		{3E99284B-568B-4599-902A-A24E7763F4AD}.Debug|x86.Build.0 = Debug|Win32
		{3E99284B-568B-4599-902A-A24E7763F4AD}.Release|x64.ActiveCfg = Release|x64
		{3E99284B-568B-4599-902A-A24E7763F4AD}.Release|x64.Build.0 = Release|x64
		{3E99284B-568B-4599-902A-A24E7763F4AD}.Release|x86.ActiveCfg = Release|Win32
		{3E99284B-568B-4599-902A-A24E7763F4AD}.Release|x86.Build.0 = Release|Win32
		{59FB40DB-3C04-4AF4-AAAC-0EBD791012B5}.Debug|x64.ActiveCfg = Debug|x64
		{59FB40DB-3C04-4AF4-AAAC-0EBD791012B5}.Debug|x64.Build.0 = Debug|x64
		{59FB40DB-3C04-4AF4-AAAC-0EBD791012B5}.Debug|x86.ActiveCfg = Debug|Win32
		{59FB40DB-3C04-4AF4-AAAC-0EBD791012B5}.Debug|x86.Build.0 = Debug|Win32
		{59FB40DB-3C04-4AF4-AAAC-0EBD791012B5}.Release|x64.ActiveCfg = Release|x64
		{59FB40DB-3C04-4AF4-AAAC-0EBD791012B5}.Release|x64.Build.0 = Release|x64
		{59FB40DB-3C04-4AF4-AAAC-0EBD791012B5}.Release|x86.ActiveCfg = Release|Win32
		{59FB40DB-3C04-4AF4-AAAC-0EBD791012B5}.Release|x86.Build.0 = Release|Win32
		{1F54BB1A-8D20-4270-B7C0-4976BF1E4957}.Debug|x64.ActiveCfg = Debug|x64
		{1F54BB1A-8D20-4270-B7C0-4976BF1E4957}.Debug|x64.Build.0 = Debug|x64
		{1F54BB1A-8D20-4270-B7C0-4976BF1E4957}.Debug|x86.ActiveCfg = Debug|Win32
		{1F54BB1A-8D20-4270-B7C0-4976BF1E4957}.Debug|x86.Build.0 = Debug|Win32
		{1F54BB1A-8D20-4270-B7C0-4976BF1E4957}.Release|x64.ActiveCfg = Release|x64
		{1F54BB1A-8D20-4270-B7C0-4976BF1E4957}.Release|x64.Build.0 = Release|x64
		{1F54BB1A-8D20-4270-B7C0-4976BF1E4957}.Release|x86.ActiveCfg = Release|Win32
		{1F54BB1A-8D20-4270-B7C0-4976BF1E4957}.Release|x86.Build.0 = Release|Win32
	EndGlobalSection
	GlobalSection(SolutionProperties) = preSolution
		HideSolutionNode = FALSE
	EndGlobalSection
	GlobalSection(NestedProjects) = preSolution
		{AAB7D42F-4885-486E-AA5F-EA34FEB64234} = {D6F573FB-4AA2-4783-880A-56861C424E02}
		{0D430B7F-7FE6-443A-939B-6C592BD1AB98} = {D6F573FB-4AA2-4783-880A-56861C424E02}
		{A21383D8-B19D-43DD-AC5A-94E5126FC038} = {D6F573FB-4AA2-4783-880A-56861C424E02}
		{25CD8650-8F11-4FC6-95E8-C5EDD82C7C46} = {DE78885D-2FBD-4C71-9099-7C997EF76386}
		{C4885BD0-B6F0-4CE2-8B3D-1DE75BEF28CA} = {DE78885D-2FBD-4C71-9099-7C997EF76386}
		{B3317D71-D49B-47BC-8B79-5DE1920CAC8E} = {4439B1B9-10E2-410F-AD4C-DC02FB93C08A}
		{34C434E2-499C-4CEE-88A4-A94C5445F2A1} = {4439B1B9-10E2-410F-AD4C-DC02FB93C08A}
		{D2DE542C-321C-44B1-8F41-DFC423E949A4} = {4439B1B9-10E2-410F-AD4C-DC02FB93C08A}
		{7F856E24-E918-4E5F-8E6C-47430FDED0D7} = {4439B1B9-10E2-410F-AD4C-DC02FB93C08A}
		{C97AD5BA-A119-46ED-B68F-8E9D9E53819E} = {4439B1B9-10E2-410F-AD4C-DC02FB93C08A}
		{09CC4A54-DCFA-4449-A456-CBD36F5C5382} = {4439B1B9-10E2-410F-AD4C-DC02FB93C08A}
		{91CD79AC-F3C7-4BA6-B972-001B66A25D2A} = {BCF63716-2E6C-4805-AE74-084965633A92}
		{3231FB57-AFC3-4598-93D6-B35D98D2CC53} = {BCF63716-2E6C-4805-AE74-084965633A92}
		{EAACC6F3-655F-4EFA-B2CA-35AE10939CB7} = {BCF63716-2E6C-4805-AE74-084965633A92}
		{4BE0558B-02BB-43B2-B3B4-4437FA57D308} = {BCF63716-2E6C-4805-AE74-084965633A92}
		{1744E7EB-A4D7-4E0B-BA9E-862AFD5BE34B} = {BCF63716-2E6C-4805-AE74-084965633A92}
		{22DB252F-4C36-4FF6-97AA-E9AF45F6E89F} = {17D7D2C0-F90D-4A8C-B369-8BABA1C08F3C}
		{3D740A59-A5B1-4E3A-8397-E52BE3A1C9CE} = {3895474B-9D0E-4A64-ADCB-EC93FDE3AE98}
		{2DF8D41F-452B-4EB1-BAA9-A09B193A1655} = {3895474B-9D0E-4A64-ADCB-EC93FDE3AE98}
		{7324A872-1F95-44D2-BC93-49189C73CD94} = {DB5778CC-4F56-4381-924E-B30C3E149FD3}
		{881847A2-68E1-444B-B8AE-BAAC63D05DB7} = {DB5778CC-4F56-4381-924E-B30C3E149FD3}
		{9A6B2A7E-5887-4424-90EE-BE16ED293EE6} = {F7595FB1-0F0B-496E-A576-FB623D5AE51C}
		{497D9278-68E4-4693-ABF9-7DF027FB9654} = {F7595FB1-0F0B-496E-A576-FB623D5AE51C}
		{E6DA16A3-6937-4305-BD90-248FBFD83039} = {92B39C9E-ED43-4B4A-A5A6-1A77E8FD9CF9}
		{60A37D1B-D740-4653-AC34-29ED96B51EAB} = {92B39C9E-ED43-4B4A-A5A6-1A77E8FD9CF9}
		{FB1DC685-536C-44AF-9D84-9618365C6D74} = {621D4CAA-BCF8-45D9-9E34-0A1985F8D99D}
		{45F05A91-2319-432F-B4D6-CD723C6E39D9} = {10B424A9-2889-4BEF-B51A-F8C8AACDA97C}
		{FEB32D26-B6CC-46F7-B164-F5CF721B989A} = {DB5778CC-4F56-4381-924E-B30C3E149FD3}
		{00A4FCF1-C54C-405C-AE4D-B16087177AB1} = {AB1BA7E5-3799-4DD6-834C-1CA53424484B}
		{7A06F22B-5976-4E89-A6A0-B6648C2AB113} = {AB1BA7E5-3799-4DD6-834C-1CA53424484B}
		{2C3814AB-27D4-4B70-8ED7-07604F7D0AA9} = {AB1BA7E5-3799-4DD6-834C-1CA53424484B}
		{8E1D2426-BDC6-4E53-8C57-B4BF7DEA7C60} = {2861DC7E-5D33-43CC-BA86-D6E136703EE8}
		{6CCF11D1-35A8-4B09-AE62-E9018365F286} = {2861DC7E-5D33-43CC-BA86-D6E136703EE8}
		{B98F506E-648C-486F-A599-E989FFE3E685} = {2861DC7E-5D33-43CC-BA86-D6E136703EE8}
		{B2DD4C04-7057-4A7A-B0F7-E4F7C0157F0C} = {2BDF9C69-46DD-4789-A103-D84F67F0CD2D}
		{337AF18B-27F4-4A45-BDB4-77D8327D9D86} = {2BDF9C69-46DD-4789-A103-D84F67F0CD2D}
		{1B3921FC-5804-4FE9-89EE-95AD82F1920D} = {2BDF9C69-46DD-4789-A103-D84F67F0CD2D}
		{62D6B86F-DFE4-4703-8443-EB154163284D} = {2BDF9C69-46DD-4789-A103-D84F67F0CD2D}
		{FB1081C6-4B35-4433-82B9-5DDDC0A27EAF} = {15333FF5-0ABC-42FD-BCA9-0F81A3DA02DD}
		{F5DCB536-3BDC-4550-A72F-C128744152ED} = {15333FF5-0ABC-42FD-BCA9-0F81A3DA02DD}
		{05B780A6-A8F1-4E58-8C87-58282F1FC183} = {15333FF5-0ABC-42FD-BCA9-0F81A3DA02DD}
		{B04DFA64-54C7-4A9D-B05A-E9ECFA900C55} = {E8D7BF87-489C-4D30-AAF3-CAEA4440035C}
		{344838C1-30B3-482B-81A0-C7DD46053EBA} = {E8D7BF87-489C-4D30-AAF3-CAEA4440035C}
		{6BAA078F-07AD-4A1F-A775-7760E97E570C} = {E8D7BF87-489C-4D30-AAF3-CAEA4440035C}
		{0D107456-065E-4886-8DBD-BBE4FC2FED66} = {E8D7BF87-489C-4D30-AAF3-CAEA4440035C}
		{E313FFE7-109D-4AF2-9047-278C639E21FE} = {E8D7BF87-489C-4D30-AAF3-CAEA4440035C}
		{EE914489-3727-4DE7-868A-A35106CC8CA3} = {B378EDB1-8208-46B7-B2A6-03C00CAD0679}
		{25E447AD-6E38-4DAB-8997-99A41BCCA71C} = {B378EDB1-8208-46B7-B2A6-03C00CAD0679}
		{84AD6D76-308A-4E8E-A252-4FAC47AC935A} = {B378EDB1-8208-46B7-B2A6-03C00CAD0679}
		{64586E3D-E0ED-4CF0-A3E6-79EBF81DF86A} = {455C7883-CFCA-44AB-8AFD-78F3C62749FA}
		{98747C2B-277D-498A-8920-02F584969E9D} = {455C7883-CFCA-44AB-8AFD-78F3C62749FA}
		{3E99284B-568B-4599-902A-A24E7763F4AD} = {455C7883-CFCA-44AB-8AFD-78F3C62749FA}
		{59FB40DB-3C04-4AF4-AAAC-0EBD791012B5} = {455C7883-CFCA-44AB-8AFD-78F3C62749FA}
		{1F54BB1A-8D20-4270-B7C0-4976BF1E4957} = {455C7883-CFCA-44AB-8AFD-78F3C62749FA}
	EndGlobalSection
	GlobalSection(ExtensibilityGlobals) = postSolution
		SolutionGuid = {3B595D1A-4DCC-49F9-8E2B-3DC38D4387A2}
	EndGlobalSection
EndGlobal
