
Microsoft Visual Studio Solution File, Format Version 12.00
# Visual Studio Version 16
VisualStudioVersion = 16.0.29709.97
MinimumVisualStudioVersion = 10.0.40219.1
Project("{2150E333-8FDC-42A3-9474-1A3956D46DE8}") = "Ch01-02", "Ch01-02", "{D6F573FB-4AA2-4783-880A-56861C424E02}"
EndProject
Project("{8BC9CEB8-8B4A-11D0-8D11-00A0C91BC942}") = "FirstApp", "FirstApp\FirstApp.vcxproj", "{AAB7D42F-4885-486E-AA5F-EA34FEB64234}"
EndProject
Project("{8BC9CEB8-8B4A-11D0-8D11-00A0C91BC942}") = "TemplateTest", "TemplateTest\TemplateTest.vcxproj", "{0D430B7F-7FE6-443A-939B-6C592BD1AB98}"
EndProject
Project("{8BC9CEB8-8B4A-11D0-8D11-00A0C91BC942}") = "EscapeTest", "EscapeTest\EscapeTest.vcxproj", "{A21383D8-B19D-43DD-AC5A-94E5126FC038}"
EndProject
Project("{2150E333-8FDC-42A3-9474-1A3956D46DE8}") = "Ch03", "Ch03", "{DE78885D-2FBD-4C71-9099-7C997EF76386}"
EndProject
Project("{8BC9CEB8-8B4A-11D0-8D11-00A0C91BC942}") = "VarTest", "VarTest\VarTest.vcxproj", "{25CD8650-8F11-4FC6-95E8-C5EDD82C7C46}"
EndProject
Project("{8BC9CEB8-8B4A-11D0-8D11-00A0C91BC942}") = "StringTest", "StringTest\StringTest.vcxproj", "{C4885BD0-B6F0-4CE2-8B3D-1DE75BEF28CA}"
EndProject
Project("{2150E333-8FDC-42A3-9474-1A3956D46DE8}") = "Ch04", "Ch04", "{4439B1B9-10E2-410F-AD4C-DC02FB93C08A}"
EndProject
Project("{8BC9CEB8-8B4A-11D0-8D11-00A0C91BC942}") = "DivTest", "DivTest\DivTest.vcxproj", "{B3317D71-D49B-47BC-8B79-5DE1920CAC8E}"
EndProject
Project("{8BC9CEB8-8B4A-11D0-8D11-00A0C91BC942}") = "Operator", "Operator\Operator.vcxproj", "{34C434E2-499C-4CEE-88A4-A94C5445F2A1}"
EndProject
Project("{8BC9CEB8-8B4A-11D0-8D11-00A0C91BC942}") = "ROperator", "ROperator\ROperator.vcxproj", "{D2DE542C-321C-44B1-8F41-DFC423E949A4}"
EndProject
Project("{8BC9CEB8-8B4A-11D0-8D11-00A0C91BC942}") = "CastTest", "CastTest\CastTest.vcxproj", "{7F856E24-E918-4E5F-8E6C-47430FDED0D7}"
EndProject
Project("{8BC9CEB8-8B4A-11D0-8D11-00A0C91BC942}") = "SizeTest", "SizeTest\SizeTest.vcxproj", "{C97AD5BA-A119-46ED-B68F-8E9D9E53819E}"
EndProject
Project("{8BC9CEB8-8B4A-11D0-8D11-00A0C91BC942}") = "OpTestApp", "OpTestApp\OpTestApp.vcxproj", "{09CC4A54-DCFA-4449-A456-CBD36F5C5382}"
EndProject
Project("{2150E333-8FDC-42A3-9474-1A3956D46DE8}") = "Ch05-06", "Ch05-06", "{BCF63716-2E6C-4805-AE74-084965633A92}"
EndProject
Project("{8BC9CEB8-8B4A-11D0-8D11-00A0C91BC942}") = "IfTestApp", "IfTestApp\IfTestApp.vcxproj", "{91CD79AC-F3C7-4BA6-B972-001B66A25D2A}"
EndProject
Project("{8BC9CEB8-8B4A-11D0-8D11-00A0C91BC942}") = "SwitchTestApp", "SwitchTestApp\SwitchTestApp.vcxproj", "{3231FB57-AFC3-4598-93D6-B35D98D2CC53}"
EndProject
Project("{8BC9CEB8-8B4A-11D0-8D11-00A0C91BC942}") = "WhileTestApp", "WhileTestApp\WhileTestApp.vcxproj", "{EAACC6F3-655F-4EFA-B2CA-35AE10939CB7}"
EndProject
Project("{8BC9CEB8-8B4A-11D0-8D11-00A0C91BC942}") = "ForTestApp", "ForTestApp\ForTestApp.vcxproj", "{4BE0558B-02BB-43B2-B3B4-4437FA57D308}"
EndProject
Project("{8BC9CEB8-8B4A-11D0-8D11-00A0C91BC942}") = "MultiTableApp", "MultiTableApp\MultiTableApp.vcxproj", "{1744E7EB-A4D7-4E0B-BA9E-862AFD5BE34B}"
EndProject
Project("{2150E333-8FDC-42A3-9474-1A3956D46DE8}") = "Ch07", "Ch07", "{17D7D2C0-F90D-4A8C-B369-8BABA1C08F3C}"
EndProject
Project("{8BC9CEB8-8B4A-11D0-8D11-00A0C91BC942}") = "FuncTestApp", "FuncTestApp\FuncTestApp.vcxproj", "{22DB252F-4C36-4FF6-97AA-E9AF45F6E89F}"
EndProject
Project("{2150E333-8FDC-42A3-9474-1A3956D46DE8}") = "Ch08", "Ch08", "{3895474B-9D0E-4A64-ADCB-EC93FDE3AE98}"
EndProject
Project("{8BC9CEB8-8B4A-11D0-8D11-00A0C91BC942}") = "ArrayTestApp", "ArrayTestApp\ArrayTestApp.vcxproj", "{3D740A59-A5B1-4E3A-8397-E52BE3A1C9CE}"
EndProject
Project("{8BC9CEB8-8B4A-11D0-8D11-00A0C91BC942}") = "StringTestApp", "StringTestApp\StringTestApp.vcxproj", "{2DF8D41F-452B-4EB1-BAA9-A09B193A1655}"
EndProject
Project("{2150E333-8FDC-42A3-9474-1A3956D46DE8}") = "Review", "Review", "{DB5778CC-4F56-4381-924E-B30C3E149FD3}"
EndProject
Project("{8BC9CEB8-8B4A-11D0-8D11-00A0C91BC942}") = "135_2", "135_2\135_2.vcxproj", "{7324A872-1F95-44D2-BC93-49189C73CD94}"
EndProject
Project("{8BC9CEB8-8B4A-11D0-8D11-00A0C91BC942}") = "136_3", "136_3\136_3.vcxproj", "{881847A2-68E1-444B-B8AE-BAAC63D05DB7}"
EndProject
Project("{2150E333-8FDC-42A3-9474-1A3956D46DE8}") = "Ch09", "Ch09", "{F7595FB1-0F0B-496E-A576-FB623D5AE51C}"
EndProject
Project("{8BC9CEB8-8B4A-11D0-8D11-00A0C91BC942}") = "PointerTestApp", "PointerTestApp\PointerTestApp.vcxproj", "{9A6B2A7E-5887-4424-90EE-BE16ED293EE6}"
EndProject
Project("{8BC9CEB8-8B4A-11D0-8D11-00A0C91BC942}") = "SwapTestApp", "SwapTestApp\SwapTestApp.vcxproj", "{497D9278-68E4-4693-ABF9-7DF027FB9654}"
EndProject
Global
	GlobalSection(SolutionConfigurationPlatforms) = preSolution
		Debug|x64 = Debug|x64
		Debug|x86 = Debug|x86
		Release|x64 = Release|x64
		Release|x86 = Release|x86
	EndGlobalSection
	GlobalSection(ProjectConfigurationPlatforms) = postSolution
		{AAB7D42F-4885-486E-AA5F-EA34FEB64234}.Debug|x64.ActiveCfg = Debug|x64
		{AAB7D42F-4885-486E-AA5F-EA34FEB64234}.Debug|x64.Build.0 = Debug|x64
		{AAB7D42F-4885-486E-AA5F-EA34FEB64234}.Debug|x86.ActiveCfg = Debug|Win32
		{AAB7D42F-4885-486E-AA5F-EA34FEB64234}.Debug|x86.Build.0 = Debug|Win32
		{AAB7D42F-4885-486E-AA5F-EA34FEB64234}.Release|x64.ActiveCfg = Release|x64
		{AAB7D42F-4885-486E-AA5F-EA34FEB64234}.Release|x64.Build.0 = Release|x64
		{AAB7D42F-4885-486E-AA5F-EA34FEB64234}.Release|x86.ActiveCfg = Release|Win32
		{AAB7D42F-4885-486E-AA5F-EA34FEB64234}.Release|x86.Build.0 = Release|Win32
		{0D430B7F-7FE6-443A-939B-6C592BD1AB98}.Debug|x64.ActiveCfg = Debug|x64
		{0D430B7F-7FE6-443A-939B-6C592BD1AB98}.Debug|x64.Build.0 = Debug|x64
		{0D430B7F-7FE6-443A-939B-6C592BD1AB98}.Debug|x86.ActiveCfg = Debug|Win32
		{0D430B7F-7FE6-443A-939B-6C592BD1AB98}.Debug|x86.Build.0 = Debug|Win32
		{0D430B7F-7FE6-443A-939B-6C592BD1AB98}.Release|x64.ActiveCfg = Release|x64
		{0D430B7F-7FE6-443A-939B-6C592BD1AB98}.Release|x64.Build.0 = Release|x64
		{0D430B7F-7FE6-443A-939B-6C592BD1AB98}.Release|x86.ActiveCfg = Release|Win32
		{0D430B7F-7FE6-443A-939B-6C592BD1AB98}.Release|x86.Build.0 = Release|Win32
		{A21383D8-B19D-43DD-AC5A-94E5126FC038}.Debug|x64.ActiveCfg = Debug|x64
		{A21383D8-B19D-43DD-AC5A-94E5126FC038}.Debug|x64.Build.0 = Debug|x64
		{A21383D8-B19D-43DD-AC5A-94E5126FC038}.Debug|x86.ActiveCfg = Debug|Win32
		{A21383D8-B19D-43DD-AC5A-94E5126FC038}.Debug|x86.Build.0 = Debug|Win32
		{A21383D8-B19D-43DD-AC5A-94E5126FC038}.Release|x64.ActiveCfg = Release|x64
		{A21383D8-B19D-43DD-AC5A-94E5126FC038}.Release|x64.Build.0 = Release|x64
		{A21383D8-B19D-43DD-AC5A-94E5126FC038}.Release|x86.ActiveCfg = Release|Win32
		{A21383D8-B19D-43DD-AC5A-94E5126FC038}.Release|x86.Build.0 = Release|Win32
		{25CD8650-8F11-4FC6-95E8-C5EDD82C7C46}.Debug|x64.ActiveCfg = Debug|x64
		{25CD8650-8F11-4FC6-95E8-C5EDD82C7C46}.Debug|x64.Build.0 = Debug|x64
		{25CD8650-8F11-4FC6-95E8-C5EDD82C7C46}.Debug|x86.ActiveCfg = Debug|Win32
		{25CD8650-8F11-4FC6-95E8-C5EDD82C7C46}.Debug|x86.Build.0 = Debug|Win32
		{25CD8650-8F11-4FC6-95E8-C5EDD82C7C46}.Release|x64.ActiveCfg = Release|x64
		{25CD8650-8F11-4FC6-95E8-C5EDD82C7C46}.Release|x64.Build.0 = Release|x64
		{25CD8650-8F11-4FC6-95E8-C5EDD82C7C46}.Release|x86.ActiveCfg = Release|Win32
		{25CD8650-8F11-4FC6-95E8-C5EDD82C7C46}.Release|x86.Build.0 = Release|Win32
		{C4885BD0-B6F0-4CE2-8B3D-1DE75BEF28CA}.Debug|x64.ActiveCfg = Debug|x64
		{C4885BD0-B6F0-4CE2-8B3D-1DE75BEF28CA}.Debug|x64.Build.0 = Debug|x64
		{C4885BD0-B6F0-4CE2-8B3D-1DE75BEF28CA}.Debug|x86.ActiveCfg = Debug|Win32
		{C4885BD0-B6F0-4CE2-8B3D-1DE75BEF28CA}.Debug|x86.Build.0 = Debug|Win32
		{C4885BD0-B6F0-4CE2-8B3D-1DE75BEF28CA}.Release|x64.ActiveCfg = Release|x64
		{C4885BD0-B6F0-4CE2-8B3D-1DE75BEF28CA}.Release|x64.Build.0 = Release|x64
		{C4885BD0-B6F0-4CE2-8B3D-1DE75BEF28CA}.Release|x86.ActiveCfg = Release|Win32
		{C4885BD0-B6F0-4CE2-8B3D-1DE75BEF28CA}.Release|x86.Build.0 = Release|Win32
		{B3317D71-D49B-47BC-8B79-5DE1920CAC8E}.Debug|x64.ActiveCfg = Debug|x64
		{B3317D71-D49B-47BC-8B79-5DE1920CAC8E}.Debug|x64.Build.0 = Debug|x64
		{B3317D71-D49B-47BC-8B79-5DE1920CAC8E}.Debug|x86.ActiveCfg = Debug|Win32
		{B3317D71-D49B-47BC-8B79-5DE1920CAC8E}.Debug|x86.Build.0 = Debug|Win32
		{B3317D71-D49B-47BC-8B79-5DE1920CAC8E}.Release|x64.ActiveCfg = Release|x64
		{B3317D71-D49B-47BC-8B79-5DE1920CAC8E}.Release|x64.Build.0 = Release|x64
		{B3317D71-D49B-47BC-8B79-5DE1920CAC8E}.Release|x86.ActiveCfg = Release|Win32
		{B3317D71-D49B-47BC-8B79-5DE1920CAC8E}.Release|x86.Build.0 = Release|Win32
		{34C434E2-499C-4CEE-88A4-A94C5445F2A1}.Debug|x64.ActiveCfg = Debug|x64
		{34C434E2-499C-4CEE-88A4-A94C5445F2A1}.Debug|x64.Build.0 = Debug|x64
		{34C434E2-499C-4CEE-88A4-A94C5445F2A1}.Debug|x86.ActiveCfg = Debug|Win32
		{34C434E2-499C-4CEE-88A4-A94C5445F2A1}.Debug|x86.Build.0 = Debug|Win32
		{34C434E2-499C-4CEE-88A4-A94C5445F2A1}.Release|x64.ActiveCfg = Release|x64
		{34C434E2-499C-4CEE-88A4-A94C5445F2A1}.Release|x64.Build.0 = Release|x64
		{34C434E2-499C-4CEE-88A4-A94C5445F2A1}.Release|x86.ActiveCfg = Release|Win32
		{34C434E2-499C-4CEE-88A4-A94C5445F2A1}.Release|x86.Build.0 = Release|Win32
		{D2DE542C-321C-44B1-8F41-DFC423E949A4}.Debug|x64.ActiveCfg = Debug|x64
		{D2DE542C-321C-44B1-8F41-DFC423E949A4}.Debug|x64.Build.0 = Debug|x64
		{D2DE542C-321C-44B1-8F41-DFC423E949A4}.Debug|x86.ActiveCfg = Debug|Win32
		{D2DE542C-321C-44B1-8F41-DFC423E949A4}.Debug|x86.Build.0 = Debug|Win32
		{D2DE542C-321C-44B1-8F41-DFC423E949A4}.Release|x64.ActiveCfg = Release|x64
		{D2DE542C-321C-44B1-8F41-DFC423E949A4}.Release|x64.Build.0 = Release|x64
		{D2DE542C-321C-44B1-8F41-DFC423E949A4}.Release|x86.ActiveCfg = Release|Win32
		{D2DE542C-321C-44B1-8F41-DFC423E949A4}.Release|x86.Build.0 = Release|Win32
		{7F856E24-E918-4E5F-8E6C-47430FDED0D7}.Debug|x64.ActiveCfg = Debug|x64
		{7F856E24-E918-4E5F-8E6C-47430FDED0D7}.Debug|x64.Build.0 = Debug|x64
		{7F856E24-E918-4E5F-8E6C-47430FDED0D7}.Debug|x86.ActiveCfg = Debug|Win32
		{7F856E24-E918-4E5F-8E6C-47430FDED0D7}.Debug|x86.Build.0 = Debug|Win32
		{7F856E24-E918-4E5F-8E6C-47430FDED0D7}.Release|x64.ActiveCfg = Release|x64
		{7F856E24-E918-4E5F-8E6C-47430FDED0D7}.Release|x64.Build.0 = Release|x64
		{7F856E24-E918-4E5F-8E6C-47430FDED0D7}.Release|x86.ActiveCfg = Release|Win32
		{7F856E24-E918-4E5F-8E6C-47430FDED0D7}.Release|x86.Build.0 = Release|Win32
		{C97AD5BA-A119-46ED-B68F-8E9D9E53819E}.Debug|x64.ActiveCfg = Debug|x64
		{C97AD5BA-A119-46ED-B68F-8E9D9E53819E}.Debug|x64.Build.0 = Debug|x64
		{C97AD5BA-A119-46ED-B68F-8E9D9E53819E}.Debug|x86.ActiveCfg = Debug|Win32
		{C97AD5BA-A119-46ED-B68F-8E9D9E53819E}.Debug|x86.Build.0 = Debug|Win32
		{C97AD5BA-A119-46ED-B68F-8E9D9E53819E}.Release|x64.ActiveCfg = Release|x64
		{C97AD5BA-A119-46ED-B68F-8E9D9E53819E}.Release|x64.Build.0 = Release|x64
		{C97AD5BA-A119-46ED-B68F-8E9D9E53819E}.Release|x86.ActiveCfg = Release|Win32
		{C97AD5BA-A119-46ED-B68F-8E9D9E53819E}.Release|x86.Build.0 = Release|Win32
		{09CC4A54-DCFA-4449-A456-CBD36F5C5382}.Debug|x64.ActiveCfg = Debug|x64
		{09CC4A54-DCFA-4449-A456-CBD36F5C5382}.Debug|x64.Build.0 = Debug|x64
		{09CC4A54-DCFA-4449-A456-CBD36F5C5382}.Debug|x86.ActiveCfg = Debug|Win32
		{09CC4A54-DCFA-4449-A456-CBD36F5C5382}.Debug|x86.Build.0 = Debug|Win32
		{09CC4A54-DCFA-4449-A456-CBD36F5C5382}.Release|x64.ActiveCfg = Release|x64
		{09CC4A54-DCFA-4449-A456-CBD36F5C5382}.Release|x64.Build.0 = Release|x64
		{09CC4A54-DCFA-4449-A456-CBD36F5C5382}.Release|x86.ActiveCfg = Release|Win32
		{09CC4A54-DCFA-4449-A456-CBD36F5C5382}.Release|x86.Build.0 = Release|Win32
		{91CD79AC-F3C7-4BA6-B972-001B66A25D2A}.Debug|x64.ActiveCfg = Debug|x64
		{91CD79AC-F3C7-4BA6-B972-001B66A25D2A}.Debug|x64.Build.0 = Debug|x64
		{91CD79AC-F3C7-4BA6-B972-001B66A25D2A}.Debug|x86.ActiveCfg = Debug|Win32
		{91CD79AC-F3C7-4BA6-B972-001B66A25D2A}.Debug|x86.Build.0 = Debug|Win32
		{91CD79AC-F3C7-4BA6-B972-001B66A25D2A}.Release|x64.ActiveCfg = Release|x64
		{91CD79AC-F3C7-4BA6-B972-001B66A25D2A}.Release|x64.Build.0 = Release|x64
		{91CD79AC-F3C7-4BA6-B972-001B66A25D2A}.Release|x86.ActiveCfg = Release|Win32
		{91CD79AC-F3C7-4BA6-B972-001B66A25D2A}.Release|x86.Build.0 = Release|Win32
		{3231FB57-AFC3-4598-93D6-B35D98D2CC53}.Debug|x64.ActiveCfg = Debug|x64
		{3231FB57-AFC3-4598-93D6-B35D98D2CC53}.Debug|x64.Build.0 = Debug|x64
		{3231FB57-AFC3-4598-93D6-B35D98D2CC53}.Debug|x86.ActiveCfg = Debug|Win32
		{3231FB57-AFC3-4598-93D6-B35D98D2CC53}.Debug|x86.Build.0 = Debug|Win32
		{3231FB57-AFC3-4598-93D6-B35D98D2CC53}.Release|x64.ActiveCfg = Release|x64
		{3231FB57-AFC3-4598-93D6-B35D98D2CC53}.Release|x64.Build.0 = Release|x64
		{3231FB57-AFC3-4598-93D6-B35D98D2CC53}.Release|x86.ActiveCfg = Release|Win32
		{3231FB57-AFC3-4598-93D6-B35D98D2CC53}.Release|x86.Build.0 = Release|Win32
		{EAACC6F3-655F-4EFA-B2CA-35AE10939CB7}.Debug|x64.ActiveCfg = Debug|x64
		{EAACC6F3-655F-4EFA-B2CA-35AE10939CB7}.Debug|x64.Build.0 = Debug|x64
		{EAACC6F3-655F-4EFA-B2CA-35AE10939CB7}.Debug|x86.ActiveCfg = Debug|Win32
		{EAACC6F3-655F-4EFA-B2CA-35AE10939CB7}.Debug|x86.Build.0 = Debug|Win32
		{EAACC6F3-655F-4EFA-B2CA-35AE10939CB7}.Release|x64.ActiveCfg = Release|x64
		{EAACC6F3-655F-4EFA-B2CA-35AE10939CB7}.Release|x64.Build.0 = Release|x64
		{EAACC6F3-655F-4EFA-B2CA-35AE10939CB7}.Release|x86.ActiveCfg = Release|Win32
		{EAACC6F3-655F-4EFA-B2CA-35AE10939CB7}.Release|x86.Build.0 = Release|Win32
		{4BE0558B-02BB-43B2-B3B4-4437FA57D308}.Debug|x64.ActiveCfg = Debug|x64
		{4BE0558B-02BB-43B2-B3B4-4437FA57D308}.Debug|x64.Build.0 = Debug|x64
		{4BE0558B-02BB-43B2-B3B4-4437FA57D308}.Debug|x86.ActiveCfg = Debug|Win32
		{4BE0558B-02BB-43B2-B3B4-4437FA57D308}.Debug|x86.Build.0 = Debug|Win32
		{4BE0558B-02BB-43B2-B3B4-4437FA57D308}.Release|x64.ActiveCfg = Release|x64
		{4BE0558B-02BB-43B2-B3B4-4437FA57D308}.Release|x64.Build.0 = Release|x64
		{4BE0558B-02BB-43B2-B3B4-4437FA57D308}.Release|x86.ActiveCfg = Release|Win32
		{4BE0558B-02BB-43B2-B3B4-4437FA57D308}.Release|x86.Build.0 = Release|Win32
		{1744E7EB-A4D7-4E0B-BA9E-862AFD5BE34B}.Debug|x64.ActiveCfg = Debug|x64
		{1744E7EB-A4D7-4E0B-BA9E-862AFD5BE34B}.Debug|x64.Build.0 = Debug|x64
		{1744E7EB-A4D7-4E0B-BA9E-862AFD5BE34B}.Debug|x86.ActiveCfg = Debug|Win32
		{1744E7EB-A4D7-4E0B-BA9E-862AFD5BE34B}.Debug|x86.Build.0 = Debug|Win32
		{1744E7EB-A4D7-4E0B-BA9E-862AFD5BE34B}.Release|x64.ActiveCfg = Release|x64
		{1744E7EB-A4D7-4E0B-BA9E-862AFD5BE34B}.Release|x64.Build.0 = Release|x64
		{1744E7EB-A4D7-4E0B-BA9E-862AFD5BE34B}.Release|x86.ActiveCfg = Release|Win32
		{1744E7EB-A4D7-4E0B-BA9E-862AFD5BE34B}.Release|x86.Build.0 = Release|Win32
		{22DB252F-4C36-4FF6-97AA-E9AF45F6E89F}.Debug|x64.ActiveCfg = Debug|x64
		{22DB252F-4C36-4FF6-97AA-E9AF45F6E89F}.Debug|x64.Build.0 = Debug|x64
		{22DB252F-4C36-4FF6-97AA-E9AF45F6E89F}.Debug|x86.ActiveCfg = Debug|Win32
		{22DB252F-4C36-4FF6-97AA-E9AF45F6E89F}.Debug|x86.Build.0 = Debug|Win32
		{22DB252F-4C36-4FF6-97AA-E9AF45F6E89F}.Release|x64.ActiveCfg = Release|x64
		{22DB252F-4C36-4FF6-97AA-E9AF45F6E89F}.Release|x64.Build.0 = Release|x64
		{22DB252F-4C36-4FF6-97AA-E9AF45F6E89F}.Release|x86.ActiveCfg = Release|Win32
		{22DB252F-4C36-4FF6-97AA-E9AF45F6E89F}.Release|x86.Build.0 = Release|Win32
		{3D740A59-A5B1-4E3A-8397-E52BE3A1C9CE}.Debug|x64.ActiveCfg = Debug|x64
		{3D740A59-A5B1-4E3A-8397-E52BE3A1C9CE}.Debug|x64.Build.0 = Debug|x64
		{3D740A59-A5B1-4E3A-8397-E52BE3A1C9CE}.Debug|x86.ActiveCfg = Debug|Win32
		{3D740A59-A5B1-4E3A-8397-E52BE3A1C9CE}.Debug|x86.Build.0 = Debug|Win32
		{3D740A59-A5B1-4E3A-8397-E52BE3A1C9CE}.Release|x64.ActiveCfg = Release|x64
		{3D740A59-A5B1-4E3A-8397-E52BE3A1C9CE}.Release|x64.Build.0 = Release|x64
		{3D740A59-A5B1-4E3A-8397-E52BE3A1C9CE}.Release|x86.ActiveCfg = Release|Win32
		{3D740A59-A5B1-4E3A-8397-E52BE3A1C9CE}.Release|x86.Build.0 = Release|Win32
		{2DF8D41F-452B-4EB1-BAA9-A09B193A1655}.Debug|x64.ActiveCfg = Debug|x64
		{2DF8D41F-452B-4EB1-BAA9-A09B193A1655}.Debug|x64.Build.0 = Debug|x64
		{2DF8D41F-452B-4EB1-BAA9-A09B193A1655}.Debug|x86.ActiveCfg = Debug|Win32
		{2DF8D41F-452B-4EB1-BAA9-A09B193A1655}.Debug|x86.Build.0 = Debug|Win32
		{2DF8D41F-452B-4EB1-BAA9-A09B193A1655}.Release|x64.ActiveCfg = Release|x64
		{2DF8D41F-452B-4EB1-BAA9-A09B193A1655}.Release|x64.Build.0 = Release|x64
		{2DF8D41F-452B-4EB1-BAA9-A09B193A1655}.Release|x86.ActiveCfg = Release|Win32
		{2DF8D41F-452B-4EB1-BAA9-A09B193A1655}.Release|x86.Build.0 = Release|Win32
		{7324A872-1F95-44D2-BC93-49189C73CD94}.Debug|x64.ActiveCfg = Debug|x64
		{7324A872-1F95-44D2-BC93-49189C73CD94}.Debug|x64.Build.0 = Debug|x64
		{7324A872-1F95-44D2-BC93-49189C73CD94}.Debug|x86.ActiveCfg = Debug|Win32
		{7324A872-1F95-44D2-BC93-49189C73CD94}.Debug|x86.Build.0 = Debug|Win32
		{7324A872-1F95-44D2-BC93-49189C73CD94}.Release|x64.ActiveCfg = Release|x64
		{7324A872-1F95-44D2-BC93-49189C73CD94}.Release|x64.Build.0 = Release|x64
		{7324A872-1F95-44D2-BC93-49189C73CD94}.Release|x86.ActiveCfg = Release|Win32
		{7324A872-1F95-44D2-BC93-49189C73CD94}.Release|x86.Build.0 = Release|Win32
		{881847A2-68E1-444B-B8AE-BAAC63D05DB7}.Debug|x64.ActiveCfg = Debug|x64
		{881847A2-68E1-444B-B8AE-BAAC63D05DB7}.Debug|x64.Build.0 = Debug|x64
		{881847A2-68E1-444B-B8AE-BAAC63D05DB7}.Debug|x86.ActiveCfg = Debug|Win32
		{881847A2-68E1-444B-B8AE-BAAC63D05DB7}.Debug|x86.Build.0 = Debug|Win32
		{881847A2-68E1-444B-B8AE-BAAC63D05DB7}.Release|x64.ActiveCfg = Release|x64
		{881847A2-68E1-444B-B8AE-BAAC63D05DB7}.Release|x64.Build.0 = Release|x64
		{881847A2-68E1-444B-B8AE-BAAC63D05DB7}.Release|x86.ActiveCfg = Release|Win32
		{881847A2-68E1-444B-B8AE-BAAC63D05DB7}.Release|x86.Build.0 = Release|Win32
		{9A6B2A7E-5887-4424-90EE-BE16ED293EE6}.Debug|x64.ActiveCfg = Debug|x64
		{9A6B2A7E-5887-4424-90EE-BE16ED293EE6}.Debug|x64.Build.0 = Debug|x64
		{9A6B2A7E-5887-4424-90EE-BE16ED293EE6}.Debug|x86.ActiveCfg = Debug|Win32
		{9A6B2A7E-5887-4424-90EE-BE16ED293EE6}.Debug|x86.Build.0 = Debug|Win32
		{9A6B2A7E-5887-4424-90EE-BE16ED293EE6}.Release|x64.ActiveCfg = Release|x64
		{9A6B2A7E-5887-4424-90EE-BE16ED293EE6}.Release|x64.Build.0 = Release|x64
		{9A6B2A7E-5887-4424-90EE-BE16ED293EE6}.Release|x86.ActiveCfg = Release|Win32
		{9A6B2A7E-5887-4424-90EE-BE16ED293EE6}.Release|x86.Build.0 = Release|Win32
		{497D9278-68E4-4693-ABF9-7DF027FB9654}.Debug|x64.ActiveCfg = Debug|x64
		{497D9278-68E4-4693-ABF9-7DF027FB9654}.Debug|x64.Build.0 = Debug|x64
		{497D9278-68E4-4693-ABF9-7DF027FB9654}.Debug|x86.ActiveCfg = Debug|Win32
		{497D9278-68E4-4693-ABF9-7DF027FB9654}.Debug|x86.Build.0 = Debug|Win32
		{497D9278-68E4-4693-ABF9-7DF027FB9654}.Release|x64.ActiveCfg = Release|x64
		{497D9278-68E4-4693-ABF9-7DF027FB9654}.Release|x64.Build.0 = Release|x64
		{497D9278-68E4-4693-ABF9-7DF027FB9654}.Release|x86.ActiveCfg = Release|Win32
		{497D9278-68E4-4693-ABF9-7DF027FB9654}.Release|x86.Build.0 = Release|Win32
	EndGlobalSection
	GlobalSection(SolutionProperties) = preSolution
		HideSolutionNode = FALSE
	EndGlobalSection
	GlobalSection(NestedProjects) = preSolution
		{AAB7D42F-4885-486E-AA5F-EA34FEB64234} = {D6F573FB-4AA2-4783-880A-56861C424E02}
		{0D430B7F-7FE6-443A-939B-6C592BD1AB98} = {D6F573FB-4AA2-4783-880A-56861C424E02}
		{A21383D8-B19D-43DD-AC5A-94E5126FC038} = {D6F573FB-4AA2-4783-880A-56861C424E02}
		{25CD8650-8F11-4FC6-95E8-C5EDD82C7C46} = {DE78885D-2FBD-4C71-9099-7C997EF76386}
		{C4885BD0-B6F0-4CE2-8B3D-1DE75BEF28CA} = {DE78885D-2FBD-4C71-9099-7C997EF76386}
		{B3317D71-D49B-47BC-8B79-5DE1920CAC8E} = {4439B1B9-10E2-410F-AD4C-DC02FB93C08A}
		{34C434E2-499C-4CEE-88A4-A94C5445F2A1} = {4439B1B9-10E2-410F-AD4C-DC02FB93C08A}
		{D2DE542C-321C-44B1-8F41-DFC423E949A4} = {4439B1B9-10E2-410F-AD4C-DC02FB93C08A}
		{7F856E24-E918-4E5F-8E6C-47430FDED0D7} = {4439B1B9-10E2-410F-AD4C-DC02FB93C08A}
		{C97AD5BA-A119-46ED-B68F-8E9D9E53819E} = {4439B1B9-10E2-410F-AD4C-DC02FB93C08A}
		{09CC4A54-DCFA-4449-A456-CBD36F5C5382} = {4439B1B9-10E2-410F-AD4C-DC02FB93C08A}
		{91CD79AC-F3C7-4BA6-B972-001B66A25D2A} = {BCF63716-2E6C-4805-AE74-084965633A92}
		{3231FB57-AFC3-4598-93D6-B35D98D2CC53} = {BCF63716-2E6C-4805-AE74-084965633A92}
		{EAACC6F3-655F-4EFA-B2CA-35AE10939CB7} = {BCF63716-2E6C-4805-AE74-084965633A92}
		{4BE0558B-02BB-43B2-B3B4-4437FA57D308} = {BCF63716-2E6C-4805-AE74-084965633A92}
		{1744E7EB-A4D7-4E0B-BA9E-862AFD5BE34B} = {BCF63716-2E6C-4805-AE74-084965633A92}
		{22DB252F-4C36-4FF6-97AA-E9AF45F6E89F} = {17D7D2C0-F90D-4A8C-B369-8BABA1C08F3C}
		{3D740A59-A5B1-4E3A-8397-E52BE3A1C9CE} = {3895474B-9D0E-4A64-ADCB-EC93FDE3AE98}
		{2DF8D41F-452B-4EB1-BAA9-A09B193A1655} = {3895474B-9D0E-4A64-ADCB-EC93FDE3AE98}
		{7324A872-1F95-44D2-BC93-49189C73CD94} = {DB5778CC-4F56-4381-924E-B30C3E149FD3}
		{881847A2-68E1-444B-B8AE-BAAC63D05DB7} = {DB5778CC-4F56-4381-924E-B30C3E149FD3}
		{9A6B2A7E-5887-4424-90EE-BE16ED293EE6} = {F7595FB1-0F0B-496E-A576-FB623D5AE51C}
		{497D9278-68E4-4693-ABF9-7DF027FB9654} = {F7595FB1-0F0B-496E-A576-FB623D5AE51C}
	EndGlobalSection
	GlobalSection(ExtensibilityGlobals) = postSolution
		SolutionGuid = {3B595D1A-4DCC-49F9-8E2B-3DC38D4387A2}
	EndGlobalSection
EndGlobal
