
Microsoft Visual Studio Solution File, Format Version 12.00
# Visual Studio Version 16
VisualStudioVersion = 16.0.29709.97
MinimumVisualStudioVersion = 10.0.40219.1
Project("{2150E333-8FDC-42A3-9474-1A3956D46DE8}") = "Ch01", "Ch01", "{D6F573FB-4AA2-4783-880A-56861C424E02}"
EndProject
Project("{8BC9CEB8-8B4A-11D0-8D11-00A0C91BC942}") = "FirstApp", "FirstApp\FirstApp.vcxproj", "{AAB7D42F-4885-486E-AA5F-EA34FEB64234}"
EndProject
Project("{8BC9CEB8-8B4A-11D0-8D11-00A0C91BC942}") = "TemplateTest", "TemplateTest\TemplateTest.vcxproj", "{0D430B7F-7FE6-443A-939B-6C592BD1AB98}"
EndProject
Global
	GlobalSection(SolutionConfigurationPlatforms) = preSolution
		Debug|x64 = Debug|x64
		Debug|x86 = Debug|x86
		Release|x64 = Release|x64
		Release|x86 = Release|x86
	EndGlobalSection
	GlobalSection(ProjectConfigurationPlatforms) = postSolution
		{AAB7D42F-4885-486E-AA5F-EA34FEB64234}.Debug|x64.ActiveCfg = Debug|x64
		{AAB7D42F-4885-486E-AA5F-EA34FEB64234}.Debug|x64.Build.0 = Debug|x64
		{AAB7D42F-4885-486E-AA5F-EA34FEB64234}.Debug|x86.ActiveCfg = Debug|Win32
		{AAB7D42F-4885-486E-AA5F-EA34FEB64234}.Debug|x86.Build.0 = Debug|Win32
		{AAB7D42F-4885-486E-AA5F-EA34FEB64234}.Release|x64.ActiveCfg = Release|x64
		{AAB7D42F-4885-486E-AA5F-EA34FEB64234}.Release|x64.Build.0 = Release|x64
		{AAB7D42F-4885-486E-AA5F-EA34FEB64234}.Release|x86.ActiveCfg = Release|Win32
		{AAB7D42F-4885-486E-AA5F-EA34FEB64234}.Release|x86.Build.0 = Release|Win32
		{0D430B7F-7FE6-443A-939B-6C592BD1AB98}.Debug|x64.ActiveCfg = Debug|x64
		{0D430B7F-7FE6-443A-939B-6C592BD1AB98}.Debug|x64.Build.0 = Debug|x64
		{0D430B7F-7FE6-443A-939B-6C592BD1AB98}.Debug|x86.ActiveCfg = Debug|Win32
		{0D430B7F-7FE6-443A-939B-6C592BD1AB98}.Debug|x86.Build.0 = Debug|Win32
		{0D430B7F-7FE6-443A-939B-6C592BD1AB98}.Release|x64.ActiveCfg = Release|x64
		{0D430B7F-7FE6-443A-939B-6C592BD1AB98}.Release|x64.Build.0 = Release|x64
		{0D430B7F-7FE6-443A-939B-6C592BD1AB98}.Release|x86.ActiveCfg = Release|Win32
		{0D430B7F-7FE6-443A-939B-6C592BD1AB98}.Release|x86.Build.0 = Release|Win32
	EndGlobalSection
	GlobalSection(SolutionProperties) = preSolution
		HideSolutionNode = FALSE
	EndGlobalSection
	GlobalSection(NestedProjects) = preSolution
		{AAB7D42F-4885-486E-AA5F-EA34FEB64234} = {D6F573FB-4AA2-4783-880A-56861C424E02}
		{0D430B7F-7FE6-443A-939B-6C592BD1AB98} = {D6F573FB-4AA2-4783-880A-56861C424E02}
	EndGlobalSection
	GlobalSection(ExtensibilityGlobals) = postSolution
		SolutionGuid = {3B595D1A-4DCC-49F9-8E2B-3DC38D4387A2}
	EndGlobalSection
EndGlobal
